
Microsoft Visual Studio Solution File, Format Version 12.00
# Visual Studio Version 16
VisualStudioVersion = 16.0.30413.136
MinimumVisualStudioVersion = 10.0.40219.1
Project("{8BC9CEB8-8B4A-11D0-8D11-00A0C91BC942}") = "35. SearchInsert", "35. SearchInsert\35. SearchInsert.vcxproj", "{2E3700DE-AA12-4D89-B0B1-8B335437AE6C}"
EndProject
Project("{8BC9CEB8-8B4A-11D0-8D11-00A0C91BC942}") = "27. RemoveElement", "27. RemoveElement\27. RemoveElement.vcxproj", "{7446369D-6800-4913-8434-CCA331616FC2}"
EndProject
Project("{8BC9CEB8-8B4A-11D0-8D11-00A0C91BC942}") = "15. ThreeSum", "15. ThreeSum\15. ThreeSum.vcxproj", "{E7695E49-45DD-4063-A98F-4C4FE387A720}"
EndProject
Project("{8BC9CEB8-8B4A-11D0-8D11-00A0C91BC942}") = "1. TwoSum", "1. TwoSum\1. TwoSum.vcxproj", "{D4651537-5E1E-4EBA-B9E5-33AE4A960549}"
EndProject
Project("{8BC9CEB8-8B4A-11D0-8D11-00A0C91BC942}") = "18. FourSum", "18. FourSum\18. FourSum.vcxproj", "{93143A29-C1D3-4497-B3FA-E868E071D2C7}"
EndProject
Project("{8BC9CEB8-8B4A-11D0-8D11-00A0C91BC942}") = "206. ReverseLinkedList", "206. ReverseLinkedList\206. ReverseLinkedList.vcxproj", "{ED3A28BD-BBFE-4695-9C01-F300D9828A1C}"
EndProject
Project("{8BC9CEB8-8B4A-11D0-8D11-00A0C91BC942}") = "142. LinkedListCycle", "142. LinkedListCycle\142. LinkedListCycle.vcxproj", "{341DCED9-43C9-41AD-96D8-EBF9DC40DADA}"
EndProject
Project("{8BC9CEB8-8B4A-11D0-8D11-00A0C91BC942}") = "209. MinimumSizeSubarraySum", "209. MinimumSizeSubarraySum\209. MinimumSizeSubarraySum.vcxproj", "{36DFA9E3-9AF3-437F-8A7B-0AE22ABA5767}"
EndProject
Project("{8BC9CEB8-8B4A-11D0-8D11-00A0C91BC942}") = "59. SpiralMatrix", "59. SpiralMatrix\59. SpiralMatrix.vcxproj", "{0BF6EC5A-0366-4150-BB0E-E11C1A441795}"
EndProject
Project("{8BC9CEB8-8B4A-11D0-8D11-00A0C91BC942}") = "203. RemoveLinkedListElements", "203. RemoveLinkedListElements\203. RemoveLinkedListElements.vcxproj", "{06E4B9F9-3A06-4790-9E46-7C141B732DE7}"
EndProject
Project("{8BC9CEB8-8B4A-11D0-8D11-00A0C91BC942}") = "707. DesignLinkedList", "707. DesignLinkedList\707. DesignLinkedList.vcxproj", "{824BFEC8-533E-4E31-BE19-192FA7FE560F}"
EndProject
Project("{8BC9CEB8-8B4A-11D0-8D11-00A0C91BC942}") = "19. RemoveNthNodeFromEndofList", "19. RemoveNthNodeFromEndofList\19. RemoveNthNodeFromEndofList.vcxproj", "{4855464A-5C7C-4813-983B-8F244E551393}"
EndProject
Project("{8BC9CEB8-8B4A-11D0-8D11-00A0C91BC942}") = "242. ValidAnagram", "242. ValidAnagram\242. ValidAnagram.vcxproj", "{D0912397-E02F-4A55-B6FB-0225B39C0FF9}"
EndProject
Project("{8BC9CEB8-8B4A-11D0-8D11-00A0C91BC942}") = "349. IntersectionOfTwoArrays", "349. IntersectionOfTwoArrays\349. IntersectionOfTwoArrays.vcxproj", "{39A947C9-64E2-4FF9-9051-590FA3DA7C62}"
EndProject
Project("{8BC9CEB8-8B4A-11D0-8D11-00A0C91BC942}") = "202. HappyNumber", "202. HappyNumber\202. HappyNumber.vcxproj", "{35AA5EB3-D26E-4252-8DEA-B5F50A5F86D3}"
EndProject
Global
	GlobalSection(SolutionConfigurationPlatforms) = preSolution
		Debug|x64 = Debug|x64
		Debug|x86 = Debug|x86
		Release|x64 = Release|x64
		Release|x86 = Release|x86
	EndGlobalSection
	GlobalSection(ProjectConfigurationPlatforms) = postSolution
		{2E3700DE-AA12-4D89-B0B1-8B335437AE6C}.Debug|x64.ActiveCfg = Debug|x64
		{2E3700DE-AA12-4D89-B0B1-8B335437AE6C}.Debug|x64.Build.0 = Debug|x64
		{2E3700DE-AA12-4D89-B0B1-8B335437AE6C}.Debug|x86.ActiveCfg = Debug|Win32
		{2E3700DE-AA12-4D89-B0B1-8B335437AE6C}.Debug|x86.Build.0 = Debug|Win32
		{2E3700DE-AA12-4D89-B0B1-8B335437AE6C}.Release|x64.ActiveCfg = Release|x64
		{2E3700DE-AA12-4D89-B0B1-8B335437AE6C}.Release|x64.Build.0 = Release|x64
		{2E3700DE-AA12-4D89-B0B1-8B335437AE6C}.Release|x86.ActiveCfg = Release|Win32
		{2E3700DE-AA12-4D89-B0B1-8B335437AE6C}.Release|x86.Build.0 = Release|Win32
		{7446369D-6800-4913-8434-CCA331616FC2}.Debug|x64.ActiveCfg = Debug|x64
		{7446369D-6800-4913-8434-CCA331616FC2}.Debug|x64.Build.0 = Debug|x64
		{7446369D-6800-4913-8434-CCA331616FC2}.Debug|x86.ActiveCfg = Debug|Win32
		{7446369D-6800-4913-8434-CCA331616FC2}.Debug|x86.Build.0 = Debug|Win32
		{7446369D-6800-4913-8434-CCA331616FC2}.Release|x64.ActiveCfg = Release|x64
		{7446369D-6800-4913-8434-CCA331616FC2}.Release|x64.Build.0 = Release|x64
		{7446369D-6800-4913-8434-CCA331616FC2}.Release|x86.ActiveCfg = Release|Win32
		{7446369D-6800-4913-8434-CCA331616FC2}.Release|x86.Build.0 = Release|Win32
		{E7695E49-45DD-4063-A98F-4C4FE387A720}.Debug|x64.ActiveCfg = Debug|x64
		{E7695E49-45DD-4063-A98F-4C4FE387A720}.Debug|x64.Build.0 = Debug|x64
		{E7695E49-45DD-4063-A98F-4C4FE387A720}.Debug|x86.ActiveCfg = Debug|Win32
		{E7695E49-45DD-4063-A98F-4C4FE387A720}.Debug|x86.Build.0 = Debug|Win32
		{E7695E49-45DD-4063-A98F-4C4FE387A720}.Release|x64.ActiveCfg = Release|x64
		{E7695E49-45DD-4063-A98F-4C4FE387A720}.Release|x64.Build.0 = Release|x64
		{E7695E49-45DD-4063-A98F-4C4FE387A720}.Release|x86.ActiveCfg = Release|Win32
		{E7695E49-45DD-4063-A98F-4C4FE387A720}.Release|x86.Build.0 = Release|Win32
		{D4651537-5E1E-4EBA-B9E5-33AE4A960549}.Debug|x64.ActiveCfg = Debug|x64
		{D4651537-5E1E-4EBA-B9E5-33AE4A960549}.Debug|x64.Build.0 = Debug|x64
		{D4651537-5E1E-4EBA-B9E5-33AE4A960549}.Debug|x86.ActiveCfg = Debug|Win32
		{D4651537-5E1E-4EBA-B9E5-33AE4A960549}.Debug|x86.Build.0 = Debug|Win32
		{D4651537-5E1E-4EBA-B9E5-33AE4A960549}.Release|x64.ActiveCfg = Release|x64
		{D4651537-5E1E-4EBA-B9E5-33AE4A960549}.Release|x64.Build.0 = Release|x64
		{D4651537-5E1E-4EBA-B9E5-33AE4A960549}.Release|x86.ActiveCfg = Release|Win32
		{D4651537-5E1E-4EBA-B9E5-33AE4A960549}.Release|x86.Build.0 = Release|Win32
		{93143A29-C1D3-4497-B3FA-E868E071D2C7}.Debug|x64.ActiveCfg = Debug|x64
		{93143A29-C1D3-4497-B3FA-E868E071D2C7}.Debug|x64.Build.0 = Debug|x64
		{93143A29-C1D3-4497-B3FA-E868E071D2C7}.Debug|x86.ActiveCfg = Debug|Win32
		{93143A29-C1D3-4497-B3FA-E868E071D2C7}.Debug|x86.Build.0 = Debug|Win32
		{93143A29-C1D3-4497-B3FA-E868E071D2C7}.Release|x64.ActiveCfg = Release|x64
		{93143A29-C1D3-4497-B3FA-E868E071D2C7}.Release|x64.Build.0 = Release|x64
		{93143A29-C1D3-4497-B3FA-E868E071D2C7}.Release|x86.ActiveCfg = Release|Win32
		{93143A29-C1D3-4497-B3FA-E868E071D2C7}.Release|x86.Build.0 = Release|Win32
		{ED3A28BD-BBFE-4695-9C01-F300D9828A1C}.Debug|x64.ActiveCfg = Debug|x64
		{ED3A28BD-BBFE-4695-9C01-F300D9828A1C}.Debug|x64.Build.0 = Debug|x64
		{ED3A28BD-BBFE-4695-9C01-F300D9828A1C}.Debug|x86.ActiveCfg = Debug|Win32
		{ED3A28BD-BBFE-4695-9C01-F300D9828A1C}.Debug|x86.Build.0 = Debug|Win32
		{ED3A28BD-BBFE-4695-9C01-F300D9828A1C}.Release|x64.ActiveCfg = Release|x64
		{ED3A28BD-BBFE-4695-9C01-F300D9828A1C}.Release|x64.Build.0 = Release|x64
		{ED3A28BD-BBFE-4695-9C01-F300D9828A1C}.Release|x86.ActiveCfg = Release|Win32
		{ED3A28BD-BBFE-4695-9C01-F300D9828A1C}.Release|x86.Build.0 = Release|Win32
		{341DCED9-43C9-41AD-96D8-EBF9DC40DADA}.Debug|x64.ActiveCfg = Debug|x64
		{341DCED9-43C9-41AD-96D8-EBF9DC40DADA}.Debug|x64.Build.0 = Debug|x64
		{341DCED9-43C9-41AD-96D8-EBF9DC40DADA}.Debug|x86.ActiveCfg = Debug|Win32
		{341DCED9-43C9-41AD-96D8-EBF9DC40DADA}.Debug|x86.Build.0 = Debug|Win32
		{341DCED9-43C9-41AD-96D8-EBF9DC40DADA}.Release|x64.ActiveCfg = Release|x64
		{341DCED9-43C9-41AD-96D8-EBF9DC40DADA}.Release|x64.Build.0 = Release|x64
		{341DCED9-43C9-41AD-96D8-EBF9DC40DADA}.Release|x86.ActiveCfg = Release|Win32
		{341DCED9-43C9-41AD-96D8-EBF9DC40DADA}.Release|x86.Build.0 = Release|Win32
		{36DFA9E3-9AF3-437F-8A7B-0AE22ABA5767}.Debug|x64.ActiveCfg = Debug|x64
		{36DFA9E3-9AF3-437F-8A7B-0AE22ABA5767}.Debug|x64.Build.0 = Debug|x64
		{36DFA9E3-9AF3-437F-8A7B-0AE22ABA5767}.Debug|x86.ActiveCfg = Debug|Win32
		{36DFA9E3-9AF3-437F-8A7B-0AE22ABA5767}.Debug|x86.Build.0 = Debug|Win32
		{36DFA9E3-9AF3-437F-8A7B-0AE22ABA5767}.Release|x64.ActiveCfg = Release|x64
		{36DFA9E3-9AF3-437F-8A7B-0AE22ABA5767}.Release|x64.Build.0 = Release|x64
		{36DFA9E3-9AF3-437F-8A7B-0AE22ABA5767}.Release|x86.ActiveCfg = Release|Win32
		{36DFA9E3-9AF3-437F-8A7B-0AE22ABA5767}.Release|x86.Build.0 = Release|Win32
		{0BF6EC5A-0366-4150-BB0E-E11C1A441795}.Debug|x64.ActiveCfg = Debug|x64
		{0BF6EC5A-0366-4150-BB0E-E11C1A441795}.Debug|x64.Build.0 = Debug|x64
		{0BF6EC5A-0366-4150-BB0E-E11C1A441795}.Debug|x86.ActiveCfg = Debug|Win32
		{0BF6EC5A-0366-4150-BB0E-E11C1A441795}.Debug|x86.Build.0 = Debug|Win32
		{0BF6EC5A-0366-4150-BB0E-E11C1A441795}.Release|x64.ActiveCfg = Release|x64
		{0BF6EC5A-0366-4150-BB0E-E11C1A441795}.Release|x64.Build.0 = Release|x64
		{0BF6EC5A-0366-4150-BB0E-E11C1A441795}.Release|x86.ActiveCfg = Release|Win32
		{0BF6EC5A-0366-4150-BB0E-E11C1A441795}.Release|x86.Build.0 = Release|Win32
		{06E4B9F9-3A06-4790-9E46-7C141B732DE7}.Debug|x64.ActiveCfg = Debug|x64
		{06E4B9F9-3A06-4790-9E46-7C141B732DE7}.Debug|x64.Build.0 = Debug|x64
		{06E4B9F9-3A06-4790-9E46-7C141B732DE7}.Debug|x86.ActiveCfg = Debug|Win32
		{06E4B9F9-3A06-4790-9E46-7C141B732DE7}.Debug|x86.Build.0 = Debug|Win32
		{06E4B9F9-3A06-4790-9E46-7C141B732DE7}.Release|x64.ActiveCfg = Release|x64
		{06E4B9F9-3A06-4790-9E46-7C141B732DE7}.Release|x64.Build.0 = Release|x64
		{06E4B9F9-3A06-4790-9E46-7C141B732DE7}.Release|x86.ActiveCfg = Release|Win32
		{06E4B9F9-3A06-4790-9E46-7C141B732DE7}.Release|x86.Build.0 = Release|Win32
		{824BFEC8-533E-4E31-BE19-192FA7FE560F}.Debug|x64.ActiveCfg = Debug|x64
		{824BFEC8-533E-4E31-BE19-192FA7FE560F}.Debug|x64.Build.0 = Debug|x64
		{824BFEC8-533E-4E31-BE19-192FA7FE560F}.Debug|x86.ActiveCfg = Debug|Win32
		{824BFEC8-533E-4E31-BE19-192FA7FE560F}.Debug|x86.Build.0 = Debug|Win32
		{824BFEC8-533E-4E31-BE19-192FA7FE560F}.Release|x64.ActiveCfg = Release|x64
		{824BFEC8-533E-4E31-BE19-192FA7FE560F}.Release|x64.Build.0 = Release|x64
		{824BFEC8-533E-4E31-BE19-192FA7FE560F}.Release|x86.ActiveCfg = Release|Win32
		{824BFEC8-533E-4E31-BE19-192FA7FE560F}.Release|x86.Build.0 = Release|Win32
		{4855464A-5C7C-4813-983B-8F244E551393}.Debug|x64.ActiveCfg = Debug|x64
		{4855464A-5C7C-4813-983B-8F244E551393}.Debug|x64.Build.0 = Debug|x64
		{4855464A-5C7C-4813-983B-8F244E551393}.Debug|x86.ActiveCfg = Debug|Win32
		{4855464A-5C7C-4813-983B-8F244E551393}.Debug|x86.Build.0 = Debug|Win32
		{4855464A-5C7C-4813-983B-8F244E551393}.Release|x64.ActiveCfg = Release|x64
		{4855464A-5C7C-4813-983B-8F244E551393}.Release|x64.Build.0 = Release|x64
		{4855464A-5C7C-4813-983B-8F244E551393}.Release|x86.ActiveCfg = Release|Win32
		{4855464A-5C7C-4813-983B-8F244E551393}.Release|x86.Build.0 = Release|Win32
		{D0912397-E02F-4A55-B6FB-0225B39C0FF9}.Debug|x64.ActiveCfg = Debug|x64
		{D0912397-E02F-4A55-B6FB-0225B39C0FF9}.Debug|x64.Build.0 = Debug|x64
		{D0912397-E02F-4A55-B6FB-0225B39C0FF9}.Debug|x86.ActiveCfg = Debug|Win32
		{D0912397-E02F-4A55-B6FB-0225B39C0FF9}.Debug|x86.Build.0 = Debug|Win32
		{D0912397-E02F-4A55-B6FB-0225B39C0FF9}.Release|x64.ActiveCfg = Release|x64
		{D0912397-E02F-4A55-B6FB-0225B39C0FF9}.Release|x64.Build.0 = Release|x64
		{D0912397-E02F-4A55-B6FB-0225B39C0FF9}.Release|x86.ActiveCfg = Release|Win32
		{D0912397-E02F-4A55-B6FB-0225B39C0FF9}.Release|x86.Build.0 = Release|Win32
		{39A947C9-64E2-4FF9-9051-590FA3DA7C62}.Debug|x64.ActiveCfg = Debug|x64
		{39A947C9-64E2-4FF9-9051-590FA3DA7C62}.Debug|x64.Build.0 = Debug|x64
		{39A947C9-64E2-4FF9-9051-590FA3DA7C62}.Debug|x86.ActiveCfg = Debug|Win32
		{39A947C9-64E2-4FF9-9051-590FA3DA7C62}.Debug|x86.Build.0 = Debug|Win32
		{39A947C9-64E2-4FF9-9051-590FA3DA7C62}.Release|x64.ActiveCfg = Release|x64
		{39A947C9-64E2-4FF9-9051-590FA3DA7C62}.Release|x64.Build.0 = Release|x64
		{39A947C9-64E2-4FF9-9051-590FA3DA7C62}.Release|x86.ActiveCfg = Release|Win32
		{39A947C9-64E2-4FF9-9051-590FA3DA7C62}.Release|x86.Build.0 = Release|Win32
		{35AA5EB3-D26E-4252-8DEA-B5F50A5F86D3}.Debug|x64.ActiveCfg = Debug|x64
		{35AA5EB3-D26E-4252-8DEA-B5F50A5F86D3}.Debug|x64.Build.0 = Debug|x64
		{35AA5EB3-D26E-4252-8DEA-B5F50A5F86D3}.Debug|x86.ActiveCfg = Debug|Win32
		{35AA5EB3-D26E-4252-8DEA-B5F50A5F86D3}.Debug|x86.Build.0 = Debug|Win32
		{35AA5EB3-D26E-4252-8DEA-B5F50A5F86D3}.Release|x64.ActiveCfg = Release|x64
		{35AA5EB3-D26E-4252-8DEA-B5F50A5F86D3}.Release|x64.Build.0 = Release|x64
		{35AA5EB3-D26E-4252-8DEA-B5F50A5F86D3}.Release|x86.ActiveCfg = Release|Win32
		{35AA5EB3-D26E-4252-8DEA-B5F50A5F86D3}.Release|x86.Build.0 = Release|Win32
	EndGlobalSection
	GlobalSection(SolutionProperties) = preSolution
		HideSolutionNode = FALSE
	EndGlobalSection
	GlobalSection(ExtensibilityGlobals) = postSolution
		SolutionGuid = {34E5A315-0826-403B-B284-B0BC556461F9}
	EndGlobalSection
EndGlobal
