
Microsoft Visual Studio Solution File, Format Version 12.00
# Visual Studio Version 16
VisualStudioVersion = 16.0.30413.136
MinimumVisualStudioVersion = 10.0.40219.1
Project("{8BC9CEB8-8B4A-11D0-8D11-00A0C91BC942}") = "35. SearchInsert", "35. SearchInsert\35. SearchInsert.vcxproj", "{2E3700DE-AA12-4D89-B0B1-8B335437AE6C}"
EndProject
Project("{8BC9CEB8-8B4A-11D0-8D11-00A0C91BC942}") = "27. RemoveElement", "27. RemoveElement\27. RemoveElement.vcxproj", "{7446369D-6800-4913-8434-CCA331616FC2}"
EndProject
Project("{8BC9CEB8-8B4A-11D0-8D11-00A0C91BC942}") = "15. ThreeSum", "15. ThreeSum\15. ThreeSum.vcxproj", "{E7695E49-45DD-4063-A98F-4C4FE387A720}"
EndProject
Project("{8BC9CEB8-8B4A-11D0-8D11-00A0C91BC942}") = "1. TwoSum", "1. TwoSum\1. TwoSum.vcxproj", "{D4651537-5E1E-4EBA-B9E5-33AE4A960549}"
EndProject
Project("{8BC9CEB8-8B4A-11D0-8D11-00A0C91BC942}") = "18. FourSum", "18. FourSum\18. FourSum.vcxproj", "{93143A29-C1D3-4497-B3FA-E868E071D2C7}"
EndProject
Project("{8BC9CEB8-8B4A-11D0-8D11-00A0C91BC942}") = "206. ReverseLinkedList", "206. ReverseLinkedList\206. ReverseLinkedList.vcxproj", "{ED3A28BD-BBFE-4695-9C01-F300D9828A1C}"
EndProject
Project("{8BC9CEB8-8B4A-11D0-8D11-00A0C91BC942}") = "142. LinkedListCycle", "142. LinkedListCycle\142. LinkedListCycle.vcxproj", "{341DCED9-43C9-41AD-96D8-EBF9DC40DADA}"
EndProject
Project("{8BC9CEB8-8B4A-11D0-8D11-00A0C91BC942}") = "209. MinimumSizeSubarraySum", "209. MinimumSizeSubarraySum\209. MinimumSizeSubarraySum.vcxproj", "{36DFA9E3-9AF3-437F-8A7B-0AE22ABA5767}"
EndProject
Project("{8BC9CEB8-8B4A-11D0-8D11-00A0C91BC942}") = "59. SpiralMatrix", "59. SpiralMatrix\59. SpiralMatrix.vcxproj", "{0BF6EC5A-0366-4150-BB0E-E11C1A441795}"
EndProject
Project("{8BC9CEB8-8B4A-11D0-8D11-00A0C91BC942}") = "203. RemoveLinkedListElements", "203. RemoveLinkedListElements\203. RemoveLinkedListElements.vcxproj", "{06E4B9F9-3A06-4790-9E46-7C141B732DE7}"
EndProject
Project("{8BC9CEB8-8B4A-11D0-8D11-00A0C91BC942}") = "707. DesignLinkedList", "707. DesignLinkedList\707. DesignLinkedList.vcxproj", "{824BFEC8-533E-4E31-BE19-192FA7FE560F}"
EndProject
Project("{8BC9CEB8-8B4A-11D0-8D11-00A0C91BC942}") = "19. RemoveNthNodeFromEndofList", "19. RemoveNthNodeFromEndofList\19. RemoveNthNodeFromEndofList.vcxproj", "{4855464A-5C7C-4813-983B-8F244E551393}"
EndProject
Project("{8BC9CEB8-8B4A-11D0-8D11-00A0C91BC942}") = "242. ValidAnagram", "242. ValidAnagram\242. ValidAnagram.vcxproj", "{D0912397-E02F-4A55-B6FB-0225B39C0FF9}"
EndProject
Project("{8BC9CEB8-8B4A-11D0-8D11-00A0C91BC942}") = "349. IntersectionOfTwoArrays", "349. IntersectionOfTwoArrays\349. IntersectionOfTwoArrays.vcxproj", "{39A947C9-64E2-4FF9-9051-590FA3DA7C62}"
EndProject
Project("{8BC9CEB8-8B4A-11D0-8D11-00A0C91BC942}") = "202. HappyNumber", "202. HappyNumber\202. HappyNumber.vcxproj", "{35AA5EB3-D26E-4252-8DEA-B5F50A5F86D3}"
EndProject
Project("{8BC9CEB8-8B4A-11D0-8D11-00A0C91BC942}") = "454. FourSumII", "454. FourSumII\454. FourSumII.vcxproj", "{343A4FBD-5BB4-4D51-A255-EA2C604BB933}"
EndProject
Project("{8BC9CEB8-8B4A-11D0-8D11-00A0C91BC942}") = "383. RansomNote", "383. RansomNote\383. RansomNote.vcxproj", "{73CA400C-4F39-44FE-B801-78EC5E990205}"
EndProject
Project("{8BC9CEB8-8B4A-11D0-8D11-00A0C91BC942}") = "344. ReverseString", "344. ReverseString\344. ReverseString.vcxproj", "{5798E079-A643-41FD-8927-FA181BD2C41D}"
EndProject
Project("{8BC9CEB8-8B4A-11D0-8D11-00A0C91BC942}") = "541. ReverseStringII", "541. ReverseStringII\541. ReverseStringII.vcxproj", "{A21E648A-53C2-4AF3-876C-2F73C2BAF0CB}"
EndProject
Project("{8BC9CEB8-8B4A-11D0-8D11-00A0C91BC942}") = "JZ05. ReplaceSpace", "JZ05. ReplaceSpace\JZ05. ReplaceSpace.vcxproj", "{BCCD02BE-1946-44D8-B376-A86D4E1A3402}"
EndProject
Project("{8BC9CEB8-8B4A-11D0-8D11-00A0C91BC942}") = "151. ReverseWordsInString", "151. ReverseWordsInString\151. ReverseWordsInString.vcxproj", "{99980742-8B74-4546-B88D-8102917EF0F7}"
EndProject
Project("{8BC9CEB8-8B4A-11D0-8D11-00A0C91BC942}") = "JZ58. ReverseLeftWords", "JZ58. ReverseLeftWords\JZ58. ReverseLeftWords.vcxproj", "{C8AADB52-B8F7-4878-9366-15C0FABBB03D}"
EndProject
Project("{8BC9CEB8-8B4A-11D0-8D11-00A0C91BC942}") = "28. ImplementstrStr()", "28. ImplementstrStr()\28. ImplementstrStr().vcxproj", "{EF7CCF8B-61AB-42EC-BAB6-2BB4B7B655D9}"
EndProject
Project("{8BC9CEB8-8B4A-11D0-8D11-00A0C91BC942}") = "459. RepeatedSubstringPattern", "459. RepeatedSubstringPattern\459. RepeatedSubstringPattern.vcxproj", "{A2BD5303-CD29-4C8A-ADAD-8417B2DDBE29}"
EndProject
Project("{8BC9CEB8-8B4A-11D0-8D11-00A0C91BC942}") = "232. ImplementQueueUsingStacks", "232. ImplementQueueUsingStacks\232. ImplementQueueUsingStacks.vcxproj", "{F876F551-231B-494D-BE96-FCBD259648ED}"
EndProject
Project("{8BC9CEB8-8B4A-11D0-8D11-00A0C91BC942}") = "225. ImplementStackUsingQueues", "225. ImplementStackUsingQueues\225. ImplementStackUsingQueues.vcxproj", "{8C5548E1-E7B9-455D-8958-44DC4E6C59AF}"
EndProject
Project("{8BC9CEB8-8B4A-11D0-8D11-00A0C91BC942}") = "20. ValidParenthese", "20. ValidParenthese\20. ValidParenthese.vcxproj", "{5734E6E5-0356-4C1A-8838-911C4C90771F}"
EndProject
Project("{8BC9CEB8-8B4A-11D0-8D11-00A0C91BC942}") = "1047. RemoveAllAdjantDuplicatesInString", "1047. RemoveAllAdjantDuplicatesInString\1047. RemoveAllAdjantDuplicatesInString.vcxproj", "{4EB7F952-E1AA-4101-B283-9CFC696DC038}"
EndProject
Project("{2150E333-8FDC-42A3-9474-1A3956D46DE8}") = "Array", "Array", "{6DBF3CEB-34DB-4A05-B6B4-3F7F8FEB9768}"
EndProject
Project("{2150E333-8FDC-42A3-9474-1A3956D46DE8}") = "Linked List", "Linked List", "{A17A94A2-FDC4-4A79-8D0C-CA54CE73CAA5}"
EndProject
Project("{2150E333-8FDC-42A3-9474-1A3956D46DE8}") = "Hash Table", "Hash Table", "{542ADC9D-5DC0-40F5-8140-B119F7170FCF}"
EndProject
Project("{2150E333-8FDC-42A3-9474-1A3956D46DE8}") = "String", "String", "{8E0348B1-159D-4FB1-9CD0-BEC8E8E3DDE5}"
EndProject
Project("{2150E333-8FDC-42A3-9474-1A3956D46DE8}") = "Stack and Queue", "Stack and Queue", "{08157EBF-2AD0-446A-A16D-6B125A52817D}"
EndProject
Project("{2150E333-8FDC-42A3-9474-1A3956D46DE8}") = "Two Pointers", "Two Pointers", "{B2F760BF-DA33-49DF-9D74-D8ACA8FE37EF}"
EndProject
Project("{2150E333-8FDC-42A3-9474-1A3956D46DE8}") = "KMP", "KMP", "{B63A8D43-B74C-418C-8405-D9778E990703}"
EndProject
Project("{8BC9CEB8-8B4A-11D0-8D11-00A0C91BC942}") = "150. EvaluateReversePolishNotation", "150. EvaluateReversePolishNotation\150. EvaluateReversePolishNotation.vcxproj", "{F24D2720-C402-48C1-BD70-5D26267D3FDA}"
EndProject
Project("{8BC9CEB8-8B4A-11D0-8D11-00A0C91BC942}") = "239. SlidingWindowMaximum", "239. SlidingWindowMaximum\239. SlidingWindowMaximum.vcxproj", "{5C3FCC7B-B1BE-481F-99B8-912A0729645C}"
EndProject
Project("{8BC9CEB8-8B4A-11D0-8D11-00A0C91BC942}") = "347. TopKFrequentElement", "347. TopKFrequentElement\347. TopKFrequentElement.vcxproj", "{299CF5E0-C09D-43BC-A422-1C4E717D88BB}"
EndProject
Project("{2150E333-8FDC-42A3-9474-1A3956D46DE8}") = "Binary Tree", "Binary Tree", "{6872E063-7E94-4305-A2EA-91DD5B7A3325}"
EndProject
Project("{8BC9CEB8-8B4A-11D0-8D11-00A0C91BC942}") = "144. BinaryTreePreorderTraversal", "144. BinaryTreePreorderTraversal\144. BinaryTreePreorderTraversal.vcxproj", "{7EF2653D-119C-4BB6-AF05-371B975A5D7D}"
EndProject
Project("{8BC9CEB8-8B4A-11D0-8D11-00A0C91BC942}") = "145. BinaryTreePostorderTraversal", "145. BinaryTreePostorderTraversal\145. BinaryTreePostorderTraversal.vcxproj", "{F8573B84-A451-4E53-BA16-5A5BC84F32AD}"
EndProject
Project("{8BC9CEB8-8B4A-11D0-8D11-00A0C91BC942}") = "94. BinaryTreeInorderTraversal", "94. BinaryTreeInorderTraversal\94. BinaryTreeInorderTraversal.vcxproj", "{58BC09D6-05A3-4588-BD15-BF5DDDA5EAD3}"
EndProject
Project("{8BC9CEB8-8B4A-11D0-8D11-00A0C91BC942}") = "102. BinaryTreeLevelOrderTraversal", "102. BinaryTreeLevelOrderTraversal\102. BinaryTreeLevelOrderTraversal.vcxproj", "{CD21994F-54FB-4833-A151-6E23E73C0319}"
EndProject
Project("{8BC9CEB8-8B4A-11D0-8D11-00A0C91BC942}") = "107. BinaryTreeLevelOrderTraversal2", "107. BinaryTreeLevelOrderTraversal2\107. BinaryTreeLevelOrderTraversal2.vcxproj", "{5A0E8DFB-CCF6-4BFD-9217-C1C2ADCF10D2}"
EndProject
Project("{8BC9CEB8-8B4A-11D0-8D11-00A0C91BC942}") = "199. BinaryTreeRightSideView", "199. BinaryTreeRightSideView\199. BinaryTreeRightSideView.vcxproj", "{0FFF82CA-D261-4950-8782-FC501046A3D9}"
EndProject
Project("{8BC9CEB8-8B4A-11D0-8D11-00A0C91BC942}") = "637. AverageOfLevelsInBinaryTree", "637. AverageOfLevelsInBinaryTree\637. AverageOfLevelsInBinaryTree.vcxproj", "{6FB91096-278F-487B-8016-03634C2DC608}"
EndProject
Project("{8BC9CEB8-8B4A-11D0-8D11-00A0C91BC942}") = "429. N-aryTreeLevelOrderTraversal", "429. N-aryTreeLevelOrderTraversal\429. N-aryTreeLevelOrderTraversal.vcxproj", "{09D41CA1-AA96-4AAE-9E4E-8CA3C4855E7B}"
EndProject
Project("{8BC9CEB8-8B4A-11D0-8D11-00A0C91BC942}") = "515. FindLargestValueInEachTreeRow", "515. FindLargestValueInEachTreeRow\515. FindLargestValueInEachTreeRow.vcxproj", "{3251F9D4-9481-42E3-A575-3470A55D4276}"
EndProject
Project("{8BC9CEB8-8B4A-11D0-8D11-00A0C91BC942}") = "116. PopulatingNextRightPointersInEachNode", "116. PopulatingNextRightPointersInEachNode\116. PopulatingNextRightPointersInEachNode.vcxproj", "{F0927CB5-1BF9-46A0-AABB-B669ED8E9B50}"
EndProject
Project("{8BC9CEB8-8B4A-11D0-8D11-00A0C91BC942}") = "117. PopulatingNextRightPointersInEachNode2", "117. PopulatingNextRightPointersInEachNode2\117. PopulatingNextRightPointersInEachNode2.vcxproj", "{38FBECA1-7959-4357-935A-4E9D727B21FE}"
EndProject
Project("{8BC9CEB8-8B4A-11D0-8D11-00A0C91BC942}") = "226. InvertBinaryTree", "226. InvertBinaryTree\226. InvertBinaryTree.vcxproj", "{FC73EB42-DBCC-4747-BCA2-3B80C6F3E926}"
EndProject
Project("{8BC9CEB8-8B4A-11D0-8D11-00A0C91BC942}") = "101. SymmetricTree", "101. SymmetricTree\101. SymmetricTree.vcxproj", "{8BE0AD23-33A4-437B-8E38-816240C6F538}"
EndProject
Project("{8BC9CEB8-8B4A-11D0-8D11-00A0C91BC942}") = "104. MaximumDepthOfBinaryTree", "104. MaximumDepthOfBinaryTree\104. MaximumDepthOfBinaryTree.vcxproj", "{EA0D2905-71F2-45EE-961D-B2E087E625F8}"
EndProject
Project("{8BC9CEB8-8B4A-11D0-8D11-00A0C91BC942}") = "559. MaximumDepthOfNarrayTree", "559. MaximumDepthOfNarrayTree\559. MaximumDepthOfNarrayTree.vcxproj", "{9E91EC2B-DA19-4523-8A4C-9726C7044EB0}"
EndProject
Project("{8BC9CEB8-8B4A-11D0-8D11-00A0C91BC942}") = "111. MinimumDepthOfBinaryTree", "111. MinimumDepthOfBinaryTree\111. MinimumDepthOfBinaryTree.vcxproj", "{D1533935-BAD8-40B1-A063-C67E27B95B0D}"
EndProject
Project("{8BC9CEB8-8B4A-11D0-8D11-00A0C91BC942}") = "222. CountingCompleteTreeNodes", "222. CountingCompleteTreeNodes\222. CountingCompleteTreeNodes.vcxproj", "{504A1DA1-A873-49B6-AC94-E3BD4472003E}"
EndProject
Project("{8BC9CEB8-8B4A-11D0-8D11-00A0C91BC942}") = "110. BalancedBinaryTree", "110. BalancedBinaryTree\110. BalancedBinaryTree.vcxproj", "{20EF51FB-B353-47FE-89ED-6D563A346F51}"
EndProject
Project("{8BC9CEB8-8B4A-11D0-8D11-00A0C91BC942}") = "257. BinaryTreePath", "257. BinaryTreePath\257. BinaryTreePath.vcxproj", "{4138EFCB-BEBA-4D4B-9351-7FEA701F4819}"
EndProject
Project("{8BC9CEB8-8B4A-11D0-8D11-00A0C91BC942}") = "100. SameTree", "100. SameTree\100. SameTree.vcxproj", "{F47521E7-2519-410A-B0EA-AD2921FA93AB}"
EndProject
Project("{8BC9CEB8-8B4A-11D0-8D11-00A0C91BC942}") = "404. SumOfLeftLeaves", "404. SumOfLeftLeaves\404. SumOfLeftLeaves.vcxproj", "{43E9CAB4-FC0D-4292-B438-0253A5FE178A}"
EndProject
Project("{8BC9CEB8-8B4A-11D0-8D11-00A0C91BC942}") = "513. FindBottomLeftTreeValue", "513. FindBottomLeftTreeValue\513. FindBottomLeftTreeValue.vcxproj", "{6A8A1726-9197-4DF4-A0CB-BB93413D8A74}"
EndProject
Project("{8BC9CEB8-8B4A-11D0-8D11-00A0C91BC942}") = "112. PathSum", "112. PathSum\112. PathSum.vcxproj", "{BF26FEF6-0130-47B4-890C-F598E56BF8CF}"
EndProject
Project("{8BC9CEB8-8B4A-11D0-8D11-00A0C91BC942}") = "113. PathSum2", "113. PathSum2\113. PathSum2.vcxproj", "{A21F7D9E-E00A-4F5E-B355-98FF0F573475}"
EndProject
Project("{8BC9CEB8-8B4A-11D0-8D11-00A0C91BC942}") = "106. ConstructBinaryTreeFromInorderAndPostorderTraversal", "106. ConstructBinaryTreeFromInorderAndPostorderTraversal\106. ConstructBinaryTreeFromInorderAndPostorderTraversal.vcxproj", "{947088EF-5127-429B-8867-A79249FBF9A1}"
EndProject
Project("{8BC9CEB8-8B4A-11D0-8D11-00A0C91BC942}") = "105. ConstructBinaryTreeFromPreorderAndInorderTraversal", "105. ConstructBinaryTreeFromPreorderAndInorderTraversal\105. ConstructBinaryTreeFromPreorderAndInorderTraversal.vcxproj", "{DF272B1F-A466-4492-B3BB-C3D3837E518F}"
EndProject
Project("{8BC9CEB8-8B4A-11D0-8D11-00A0C91BC942}") = "654. MaximumBinaryTree", "654. MaximumBinaryTree\654. MaximumBinaryTree.vcxproj", "{873C0D71-24D0-4BCD-AF45-F20BFC6D3B6F}"
EndProject
Project("{8BC9CEB8-8B4A-11D0-8D11-00A0C91BC942}") = "617. MergeTwoBinaryTree", "617. MergeTwoBinaryTree\617. MergeTwoBinaryTree.vcxproj", "{66540D1D-587A-412F-8C8E-510857D60D11}"
EndProject
Project("{8BC9CEB8-8B4A-11D0-8D11-00A0C91BC942}") = "700. SearchInBinarySearchTree", "700. SearchInBinarySearchTree\700. SearchInBinarySearchTree.vcxproj", "{D555BE41-EAE1-4A2B-9D66-CA3FB8A84635}"
EndProject
Project("{8BC9CEB8-8B4A-11D0-8D11-00A0C91BC942}") = "98. ValdateBinarySearchTree", "98. ValdateBinarySearchTree\98. ValdateBinarySearchTree.vcxproj", "{6F112F11-4316-476B-B60C-2388601E192C}"
EndProject
Project("{8BC9CEB8-8B4A-11D0-8D11-00A0C91BC942}") = "530. MinimumAbsoluteDifferenceInBST", "530. MinimumAbsoluteDifferenceInBST\530. MinimumAbsoluteDifferenceInBST.vcxproj", "{BD184AB5-639C-4C95-848D-ECF531DB1297}"
EndProject
Project("{8BC9CEB8-8B4A-11D0-8D11-00A0C91BC942}") = "501. FindModeInBST", "501. FindModeInBST\501. FindModeInBST.vcxproj", "{0449C5D2-90F5-4150-BDEE-051FE08205E3}"
EndProject
Global
	GlobalSection(SolutionConfigurationPlatforms) = preSolution
		Debug|x64 = Debug|x64
		Debug|x86 = Debug|x86
		Release|x64 = Release|x64
		Release|x86 = Release|x86
	EndGlobalSection
	GlobalSection(ProjectConfigurationPlatforms) = postSolution
		{2E3700DE-AA12-4D89-B0B1-8B335437AE6C}.Debug|x64.ActiveCfg = Debug|x64
		{2E3700DE-AA12-4D89-B0B1-8B335437AE6C}.Debug|x64.Build.0 = Debug|x64
		{2E3700DE-AA12-4D89-B0B1-8B335437AE6C}.Debug|x86.ActiveCfg = Debug|Win32
		{2E3700DE-AA12-4D89-B0B1-8B335437AE6C}.Debug|x86.Build.0 = Debug|Win32
		{2E3700DE-AA12-4D89-B0B1-8B335437AE6C}.Release|x64.ActiveCfg = Release|x64
		{2E3700DE-AA12-4D89-B0B1-8B335437AE6C}.Release|x64.Build.0 = Release|x64
		{2E3700DE-AA12-4D89-B0B1-8B335437AE6C}.Release|x86.ActiveCfg = Release|Win32
		{2E3700DE-AA12-4D89-B0B1-8B335437AE6C}.Release|x86.Build.0 = Release|Win32
		{7446369D-6800-4913-8434-CCA331616FC2}.Debug|x64.ActiveCfg = Debug|x64
		{7446369D-6800-4913-8434-CCA331616FC2}.Debug|x64.Build.0 = Debug|x64
		{7446369D-6800-4913-8434-CCA331616FC2}.Debug|x86.ActiveCfg = Debug|Win32
		{7446369D-6800-4913-8434-CCA331616FC2}.Debug|x86.Build.0 = Debug|Win32
		{7446369D-6800-4913-8434-CCA331616FC2}.Release|x64.ActiveCfg = Release|x64
		{7446369D-6800-4913-8434-CCA331616FC2}.Release|x64.Build.0 = Release|x64
		{7446369D-6800-4913-8434-CCA331616FC2}.Release|x86.ActiveCfg = Release|Win32
		{7446369D-6800-4913-8434-CCA331616FC2}.Release|x86.Build.0 = Release|Win32
		{E7695E49-45DD-4063-A98F-4C4FE387A720}.Debug|x64.ActiveCfg = Debug|x64
		{E7695E49-45DD-4063-A98F-4C4FE387A720}.Debug|x64.Build.0 = Debug|x64
		{E7695E49-45DD-4063-A98F-4C4FE387A720}.Debug|x86.ActiveCfg = Debug|Win32
		{E7695E49-45DD-4063-A98F-4C4FE387A720}.Debug|x86.Build.0 = Debug|Win32
		{E7695E49-45DD-4063-A98F-4C4FE387A720}.Release|x64.ActiveCfg = Release|x64
		{E7695E49-45DD-4063-A98F-4C4FE387A720}.Release|x64.Build.0 = Release|x64
		{E7695E49-45DD-4063-A98F-4C4FE387A720}.Release|x86.ActiveCfg = Release|Win32
		{E7695E49-45DD-4063-A98F-4C4FE387A720}.Release|x86.Build.0 = Release|Win32
		{D4651537-5E1E-4EBA-B9E5-33AE4A960549}.Debug|x64.ActiveCfg = Debug|x64
		{D4651537-5E1E-4EBA-B9E5-33AE4A960549}.Debug|x64.Build.0 = Debug|x64
		{D4651537-5E1E-4EBA-B9E5-33AE4A960549}.Debug|x86.ActiveCfg = Debug|Win32
		{D4651537-5E1E-4EBA-B9E5-33AE4A960549}.Debug|x86.Build.0 = Debug|Win32
		{D4651537-5E1E-4EBA-B9E5-33AE4A960549}.Release|x64.ActiveCfg = Release|x64
		{D4651537-5E1E-4EBA-B9E5-33AE4A960549}.Release|x64.Build.0 = Release|x64
		{D4651537-5E1E-4EBA-B9E5-33AE4A960549}.Release|x86.ActiveCfg = Release|Win32
		{D4651537-5E1E-4EBA-B9E5-33AE4A960549}.Release|x86.Build.0 = Release|Win32
		{93143A29-C1D3-4497-B3FA-E868E071D2C7}.Debug|x64.ActiveCfg = Debug|x64
		{93143A29-C1D3-4497-B3FA-E868E071D2C7}.Debug|x64.Build.0 = Debug|x64
		{93143A29-C1D3-4497-B3FA-E868E071D2C7}.Debug|x86.ActiveCfg = Debug|Win32
		{93143A29-C1D3-4497-B3FA-E868E071D2C7}.Debug|x86.Build.0 = Debug|Win32
		{93143A29-C1D3-4497-B3FA-E868E071D2C7}.Release|x64.ActiveCfg = Release|x64
		{93143A29-C1D3-4497-B3FA-E868E071D2C7}.Release|x64.Build.0 = Release|x64
		{93143A29-C1D3-4497-B3FA-E868E071D2C7}.Release|x86.ActiveCfg = Release|Win32
		{93143A29-C1D3-4497-B3FA-E868E071D2C7}.Release|x86.Build.0 = Release|Win32
		{ED3A28BD-BBFE-4695-9C01-F300D9828A1C}.Debug|x64.ActiveCfg = Debug|x64
		{ED3A28BD-BBFE-4695-9C01-F300D9828A1C}.Debug|x64.Build.0 = Debug|x64
		{ED3A28BD-BBFE-4695-9C01-F300D9828A1C}.Debug|x86.ActiveCfg = Debug|Win32
		{ED3A28BD-BBFE-4695-9C01-F300D9828A1C}.Debug|x86.Build.0 = Debug|Win32
		{ED3A28BD-BBFE-4695-9C01-F300D9828A1C}.Release|x64.ActiveCfg = Release|x64
		{ED3A28BD-BBFE-4695-9C01-F300D9828A1C}.Release|x64.Build.0 = Release|x64
		{ED3A28BD-BBFE-4695-9C01-F300D9828A1C}.Release|x86.ActiveCfg = Release|Win32
		{ED3A28BD-BBFE-4695-9C01-F300D9828A1C}.Release|x86.Build.0 = Release|Win32
		{341DCED9-43C9-41AD-96D8-EBF9DC40DADA}.Debug|x64.ActiveCfg = Debug|x64
		{341DCED9-43C9-41AD-96D8-EBF9DC40DADA}.Debug|x64.Build.0 = Debug|x64
		{341DCED9-43C9-41AD-96D8-EBF9DC40DADA}.Debug|x86.ActiveCfg = Debug|Win32
		{341DCED9-43C9-41AD-96D8-EBF9DC40DADA}.Debug|x86.Build.0 = Debug|Win32
		{341DCED9-43C9-41AD-96D8-EBF9DC40DADA}.Release|x64.ActiveCfg = Release|x64
		{341DCED9-43C9-41AD-96D8-EBF9DC40DADA}.Release|x64.Build.0 = Release|x64
		{341DCED9-43C9-41AD-96D8-EBF9DC40DADA}.Release|x86.ActiveCfg = Release|Win32
		{341DCED9-43C9-41AD-96D8-EBF9DC40DADA}.Release|x86.Build.0 = Release|Win32
		{36DFA9E3-9AF3-437F-8A7B-0AE22ABA5767}.Debug|x64.ActiveCfg = Debug|x64
		{36DFA9E3-9AF3-437F-8A7B-0AE22ABA5767}.Debug|x64.Build.0 = Debug|x64
		{36DFA9E3-9AF3-437F-8A7B-0AE22ABA5767}.Debug|x86.ActiveCfg = Debug|Win32
		{36DFA9E3-9AF3-437F-8A7B-0AE22ABA5767}.Debug|x86.Build.0 = Debug|Win32
		{36DFA9E3-9AF3-437F-8A7B-0AE22ABA5767}.Release|x64.ActiveCfg = Release|x64
		{36DFA9E3-9AF3-437F-8A7B-0AE22ABA5767}.Release|x64.Build.0 = Release|x64
		{36DFA9E3-9AF3-437F-8A7B-0AE22ABA5767}.Release|x86.ActiveCfg = Release|Win32
		{36DFA9E3-9AF3-437F-8A7B-0AE22ABA5767}.Release|x86.Build.0 = Release|Win32
		{0BF6EC5A-0366-4150-BB0E-E11C1A441795}.Debug|x64.ActiveCfg = Debug|x64
		{0BF6EC5A-0366-4150-BB0E-E11C1A441795}.Debug|x64.Build.0 = Debug|x64
		{0BF6EC5A-0366-4150-BB0E-E11C1A441795}.Debug|x86.ActiveCfg = Debug|Win32
		{0BF6EC5A-0366-4150-BB0E-E11C1A441795}.Debug|x86.Build.0 = Debug|Win32
		{0BF6EC5A-0366-4150-BB0E-E11C1A441795}.Release|x64.ActiveCfg = Release|x64
		{0BF6EC5A-0366-4150-BB0E-E11C1A441795}.Release|x64.Build.0 = Release|x64
		{0BF6EC5A-0366-4150-BB0E-E11C1A441795}.Release|x86.ActiveCfg = Release|Win32
		{0BF6EC5A-0366-4150-BB0E-E11C1A441795}.Release|x86.Build.0 = Release|Win32
		{06E4B9F9-3A06-4790-9E46-7C141B732DE7}.Debug|x64.ActiveCfg = Debug|x64
		{06E4B9F9-3A06-4790-9E46-7C141B732DE7}.Debug|x64.Build.0 = Debug|x64
		{06E4B9F9-3A06-4790-9E46-7C141B732DE7}.Debug|x86.ActiveCfg = Debug|Win32
		{06E4B9F9-3A06-4790-9E46-7C141B732DE7}.Debug|x86.Build.0 = Debug|Win32
		{06E4B9F9-3A06-4790-9E46-7C141B732DE7}.Release|x64.ActiveCfg = Release|x64
		{06E4B9F9-3A06-4790-9E46-7C141B732DE7}.Release|x64.Build.0 = Release|x64
		{06E4B9F9-3A06-4790-9E46-7C141B732DE7}.Release|x86.ActiveCfg = Release|Win32
		{06E4B9F9-3A06-4790-9E46-7C141B732DE7}.Release|x86.Build.0 = Release|Win32
		{824BFEC8-533E-4E31-BE19-192FA7FE560F}.Debug|x64.ActiveCfg = Debug|x64
		{824BFEC8-533E-4E31-BE19-192FA7FE560F}.Debug|x64.Build.0 = Debug|x64
		{824BFEC8-533E-4E31-BE19-192FA7FE560F}.Debug|x86.ActiveCfg = Debug|Win32
		{824BFEC8-533E-4E31-BE19-192FA7FE560F}.Debug|x86.Build.0 = Debug|Win32
		{824BFEC8-533E-4E31-BE19-192FA7FE560F}.Release|x64.ActiveCfg = Release|x64
		{824BFEC8-533E-4E31-BE19-192FA7FE560F}.Release|x64.Build.0 = Release|x64
		{824BFEC8-533E-4E31-BE19-192FA7FE560F}.Release|x86.ActiveCfg = Release|Win32
		{824BFEC8-533E-4E31-BE19-192FA7FE560F}.Release|x86.Build.0 = Release|Win32
		{4855464A-5C7C-4813-983B-8F244E551393}.Debug|x64.ActiveCfg = Debug|x64
		{4855464A-5C7C-4813-983B-8F244E551393}.Debug|x64.Build.0 = Debug|x64
		{4855464A-5C7C-4813-983B-8F244E551393}.Debug|x86.ActiveCfg = Debug|Win32
		{4855464A-5C7C-4813-983B-8F244E551393}.Debug|x86.Build.0 = Debug|Win32
		{4855464A-5C7C-4813-983B-8F244E551393}.Release|x64.ActiveCfg = Release|x64
		{4855464A-5C7C-4813-983B-8F244E551393}.Release|x64.Build.0 = Release|x64
		{4855464A-5C7C-4813-983B-8F244E551393}.Release|x86.ActiveCfg = Release|Win32
		{4855464A-5C7C-4813-983B-8F244E551393}.Release|x86.Build.0 = Release|Win32
		{D0912397-E02F-4A55-B6FB-0225B39C0FF9}.Debug|x64.ActiveCfg = Debug|x64
		{D0912397-E02F-4A55-B6FB-0225B39C0FF9}.Debug|x64.Build.0 = Debug|x64
		{D0912397-E02F-4A55-B6FB-0225B39C0FF9}.Debug|x86.ActiveCfg = Debug|Win32
		{D0912397-E02F-4A55-B6FB-0225B39C0FF9}.Debug|x86.Build.0 = Debug|Win32
		{D0912397-E02F-4A55-B6FB-0225B39C0FF9}.Release|x64.ActiveCfg = Release|x64
		{D0912397-E02F-4A55-B6FB-0225B39C0FF9}.Release|x64.Build.0 = Release|x64
		{D0912397-E02F-4A55-B6FB-0225B39C0FF9}.Release|x86.ActiveCfg = Release|Win32
		{D0912397-E02F-4A55-B6FB-0225B39C0FF9}.Release|x86.Build.0 = Release|Win32
		{39A947C9-64E2-4FF9-9051-590FA3DA7C62}.Debug|x64.ActiveCfg = Debug|x64
		{39A947C9-64E2-4FF9-9051-590FA3DA7C62}.Debug|x64.Build.0 = Debug|x64
		{39A947C9-64E2-4FF9-9051-590FA3DA7C62}.Debug|x86.ActiveCfg = Debug|Win32
		{39A947C9-64E2-4FF9-9051-590FA3DA7C62}.Debug|x86.Build.0 = Debug|Win32
		{39A947C9-64E2-4FF9-9051-590FA3DA7C62}.Release|x64.ActiveCfg = Release|x64
		{39A947C9-64E2-4FF9-9051-590FA3DA7C62}.Release|x64.Build.0 = Release|x64
		{39A947C9-64E2-4FF9-9051-590FA3DA7C62}.Release|x86.ActiveCfg = Release|Win32
		{39A947C9-64E2-4FF9-9051-590FA3DA7C62}.Release|x86.Build.0 = Release|Win32
		{35AA5EB3-D26E-4252-8DEA-B5F50A5F86D3}.Debug|x64.ActiveCfg = Debug|x64
		{35AA5EB3-D26E-4252-8DEA-B5F50A5F86D3}.Debug|x64.Build.0 = Debug|x64
		{35AA5EB3-D26E-4252-8DEA-B5F50A5F86D3}.Debug|x86.ActiveCfg = Debug|Win32
		{35AA5EB3-D26E-4252-8DEA-B5F50A5F86D3}.Debug|x86.Build.0 = Debug|Win32
		{35AA5EB3-D26E-4252-8DEA-B5F50A5F86D3}.Release|x64.ActiveCfg = Release|x64
		{35AA5EB3-D26E-4252-8DEA-B5F50A5F86D3}.Release|x64.Build.0 = Release|x64
		{35AA5EB3-D26E-4252-8DEA-B5F50A5F86D3}.Release|x86.ActiveCfg = Release|Win32
		{35AA5EB3-D26E-4252-8DEA-B5F50A5F86D3}.Release|x86.Build.0 = Release|Win32
		{343A4FBD-5BB4-4D51-A255-EA2C604BB933}.Debug|x64.ActiveCfg = Debug|x64
		{343A4FBD-5BB4-4D51-A255-EA2C604BB933}.Debug|x64.Build.0 = Debug|x64
		{343A4FBD-5BB4-4D51-A255-EA2C604BB933}.Debug|x86.ActiveCfg = Debug|Win32
		{343A4FBD-5BB4-4D51-A255-EA2C604BB933}.Debug|x86.Build.0 = Debug|Win32
		{343A4FBD-5BB4-4D51-A255-EA2C604BB933}.Release|x64.ActiveCfg = Release|x64
		{343A4FBD-5BB4-4D51-A255-EA2C604BB933}.Release|x64.Build.0 = Release|x64
		{343A4FBD-5BB4-4D51-A255-EA2C604BB933}.Release|x86.ActiveCfg = Release|Win32
		{343A4FBD-5BB4-4D51-A255-EA2C604BB933}.Release|x86.Build.0 = Release|Win32
		{73CA400C-4F39-44FE-B801-78EC5E990205}.Debug|x64.ActiveCfg = Debug|x64
		{73CA400C-4F39-44FE-B801-78EC5E990205}.Debug|x64.Build.0 = Debug|x64
		{73CA400C-4F39-44FE-B801-78EC5E990205}.Debug|x86.ActiveCfg = Debug|Win32
		{73CA400C-4F39-44FE-B801-78EC5E990205}.Debug|x86.Build.0 = Debug|Win32
		{73CA400C-4F39-44FE-B801-78EC5E990205}.Release|x64.ActiveCfg = Release|x64
		{73CA400C-4F39-44FE-B801-78EC5E990205}.Release|x64.Build.0 = Release|x64
		{73CA400C-4F39-44FE-B801-78EC5E990205}.Release|x86.ActiveCfg = Release|Win32
		{73CA400C-4F39-44FE-B801-78EC5E990205}.Release|x86.Build.0 = Release|Win32
		{5798E079-A643-41FD-8927-FA181BD2C41D}.Debug|x64.ActiveCfg = Debug|x64
		{5798E079-A643-41FD-8927-FA181BD2C41D}.Debug|x64.Build.0 = Debug|x64
		{5798E079-A643-41FD-8927-FA181BD2C41D}.Debug|x86.ActiveCfg = Debug|Win32
		{5798E079-A643-41FD-8927-FA181BD2C41D}.Debug|x86.Build.0 = Debug|Win32
		{5798E079-A643-41FD-8927-FA181BD2C41D}.Release|x64.ActiveCfg = Release|x64
		{5798E079-A643-41FD-8927-FA181BD2C41D}.Release|x64.Build.0 = Release|x64
		{5798E079-A643-41FD-8927-FA181BD2C41D}.Release|x86.ActiveCfg = Release|Win32
		{5798E079-A643-41FD-8927-FA181BD2C41D}.Release|x86.Build.0 = Release|Win32
		{A21E648A-53C2-4AF3-876C-2F73C2BAF0CB}.Debug|x64.ActiveCfg = Debug|x64
		{A21E648A-53C2-4AF3-876C-2F73C2BAF0CB}.Debug|x64.Build.0 = Debug|x64
		{A21E648A-53C2-4AF3-876C-2F73C2BAF0CB}.Debug|x86.ActiveCfg = Debug|Win32
		{A21E648A-53C2-4AF3-876C-2F73C2BAF0CB}.Debug|x86.Build.0 = Debug|Win32
		{A21E648A-53C2-4AF3-876C-2F73C2BAF0CB}.Release|x64.ActiveCfg = Release|x64
		{A21E648A-53C2-4AF3-876C-2F73C2BAF0CB}.Release|x64.Build.0 = Release|x64
		{A21E648A-53C2-4AF3-876C-2F73C2BAF0CB}.Release|x86.ActiveCfg = Release|Win32
		{A21E648A-53C2-4AF3-876C-2F73C2BAF0CB}.Release|x86.Build.0 = Release|Win32
		{BCCD02BE-1946-44D8-B376-A86D4E1A3402}.Debug|x64.ActiveCfg = Debug|x64
		{BCCD02BE-1946-44D8-B376-A86D4E1A3402}.Debug|x64.Build.0 = Debug|x64
		{BCCD02BE-1946-44D8-B376-A86D4E1A3402}.Debug|x86.ActiveCfg = Debug|Win32
		{BCCD02BE-1946-44D8-B376-A86D4E1A3402}.Debug|x86.Build.0 = Debug|Win32
		{BCCD02BE-1946-44D8-B376-A86D4E1A3402}.Release|x64.ActiveCfg = Release|x64
		{BCCD02BE-1946-44D8-B376-A86D4E1A3402}.Release|x64.Build.0 = Release|x64
		{BCCD02BE-1946-44D8-B376-A86D4E1A3402}.Release|x86.ActiveCfg = Release|Win32
		{BCCD02BE-1946-44D8-B376-A86D4E1A3402}.Release|x86.Build.0 = Release|Win32
		{99980742-8B74-4546-B88D-8102917EF0F7}.Debug|x64.ActiveCfg = Debug|x64
		{99980742-8B74-4546-B88D-8102917EF0F7}.Debug|x64.Build.0 = Debug|x64
		{99980742-8B74-4546-B88D-8102917EF0F7}.Debug|x86.ActiveCfg = Debug|Win32
		{99980742-8B74-4546-B88D-8102917EF0F7}.Debug|x86.Build.0 = Debug|Win32
		{99980742-8B74-4546-B88D-8102917EF0F7}.Release|x64.ActiveCfg = Release|x64
		{99980742-8B74-4546-B88D-8102917EF0F7}.Release|x64.Build.0 = Release|x64
		{99980742-8B74-4546-B88D-8102917EF0F7}.Release|x86.ActiveCfg = Release|Win32
		{99980742-8B74-4546-B88D-8102917EF0F7}.Release|x86.Build.0 = Release|Win32
		{C8AADB52-B8F7-4878-9366-15C0FABBB03D}.Debug|x64.ActiveCfg = Debug|x64
		{C8AADB52-B8F7-4878-9366-15C0FABBB03D}.Debug|x64.Build.0 = Debug|x64
		{C8AADB52-B8F7-4878-9366-15C0FABBB03D}.Debug|x86.ActiveCfg = Debug|Win32
		{C8AADB52-B8F7-4878-9366-15C0FABBB03D}.Debug|x86.Build.0 = Debug|Win32
		{C8AADB52-B8F7-4878-9366-15C0FABBB03D}.Release|x64.ActiveCfg = Release|x64
		{C8AADB52-B8F7-4878-9366-15C0FABBB03D}.Release|x64.Build.0 = Release|x64
		{C8AADB52-B8F7-4878-9366-15C0FABBB03D}.Release|x86.ActiveCfg = Release|Win32
		{C8AADB52-B8F7-4878-9366-15C0FABBB03D}.Release|x86.Build.0 = Release|Win32
		{EF7CCF8B-61AB-42EC-BAB6-2BB4B7B655D9}.Debug|x64.ActiveCfg = Debug|x64
		{EF7CCF8B-61AB-42EC-BAB6-2BB4B7B655D9}.Debug|x64.Build.0 = Debug|x64
		{EF7CCF8B-61AB-42EC-BAB6-2BB4B7B655D9}.Debug|x86.ActiveCfg = Debug|Win32
		{EF7CCF8B-61AB-42EC-BAB6-2BB4B7B655D9}.Debug|x86.Build.0 = Debug|Win32
		{EF7CCF8B-61AB-42EC-BAB6-2BB4B7B655D9}.Release|x64.ActiveCfg = Release|x64
		{EF7CCF8B-61AB-42EC-BAB6-2BB4B7B655D9}.Release|x64.Build.0 = Release|x64
		{EF7CCF8B-61AB-42EC-BAB6-2BB4B7B655D9}.Release|x86.ActiveCfg = Release|Win32
		{EF7CCF8B-61AB-42EC-BAB6-2BB4B7B655D9}.Release|x86.Build.0 = Release|Win32
		{A2BD5303-CD29-4C8A-ADAD-8417B2DDBE29}.Debug|x64.ActiveCfg = Debug|x64
		{A2BD5303-CD29-4C8A-ADAD-8417B2DDBE29}.Debug|x64.Build.0 = Debug|x64
		{A2BD5303-CD29-4C8A-ADAD-8417B2DDBE29}.Debug|x86.ActiveCfg = Debug|Win32
		{A2BD5303-CD29-4C8A-ADAD-8417B2DDBE29}.Debug|x86.Build.0 = Debug|Win32
		{A2BD5303-CD29-4C8A-ADAD-8417B2DDBE29}.Release|x64.ActiveCfg = Release|x64
		{A2BD5303-CD29-4C8A-ADAD-8417B2DDBE29}.Release|x64.Build.0 = Release|x64
		{A2BD5303-CD29-4C8A-ADAD-8417B2DDBE29}.Release|x86.ActiveCfg = Release|Win32
		{A2BD5303-CD29-4C8A-ADAD-8417B2DDBE29}.Release|x86.Build.0 = Release|Win32
		{F876F551-231B-494D-BE96-FCBD259648ED}.Debug|x64.ActiveCfg = Debug|x64
		{F876F551-231B-494D-BE96-FCBD259648ED}.Debug|x64.Build.0 = Debug|x64
		{F876F551-231B-494D-BE96-FCBD259648ED}.Debug|x86.ActiveCfg = Debug|Win32
		{F876F551-231B-494D-BE96-FCBD259648ED}.Debug|x86.Build.0 = Debug|Win32
		{F876F551-231B-494D-BE96-FCBD259648ED}.Release|x64.ActiveCfg = Release|x64
		{F876F551-231B-494D-BE96-FCBD259648ED}.Release|x64.Build.0 = Release|x64
		{F876F551-231B-494D-BE96-FCBD259648ED}.Release|x86.ActiveCfg = Release|Win32
		{F876F551-231B-494D-BE96-FCBD259648ED}.Release|x86.Build.0 = Release|Win32
		{8C5548E1-E7B9-455D-8958-44DC4E6C59AF}.Debug|x64.ActiveCfg = Debug|x64
		{8C5548E1-E7B9-455D-8958-44DC4E6C59AF}.Debug|x64.Build.0 = Debug|x64
		{8C5548E1-E7B9-455D-8958-44DC4E6C59AF}.Debug|x86.ActiveCfg = Debug|Win32
		{8C5548E1-E7B9-455D-8958-44DC4E6C59AF}.Debug|x86.Build.0 = Debug|Win32
		{8C5548E1-E7B9-455D-8958-44DC4E6C59AF}.Release|x64.ActiveCfg = Release|x64
		{8C5548E1-E7B9-455D-8958-44DC4E6C59AF}.Release|x64.Build.0 = Release|x64
		{8C5548E1-E7B9-455D-8958-44DC4E6C59AF}.Release|x86.ActiveCfg = Release|Win32
		{8C5548E1-E7B9-455D-8958-44DC4E6C59AF}.Release|x86.Build.0 = Release|Win32
		{5734E6E5-0356-4C1A-8838-911C4C90771F}.Debug|x64.ActiveCfg = Debug|x64
		{5734E6E5-0356-4C1A-8838-911C4C90771F}.Debug|x64.Build.0 = Debug|x64
		{5734E6E5-0356-4C1A-8838-911C4C90771F}.Debug|x86.ActiveCfg = Debug|Win32
		{5734E6E5-0356-4C1A-8838-911C4C90771F}.Debug|x86.Build.0 = Debug|Win32
		{5734E6E5-0356-4C1A-8838-911C4C90771F}.Release|x64.ActiveCfg = Release|x64
		{5734E6E5-0356-4C1A-8838-911C4C90771F}.Release|x64.Build.0 = Release|x64
		{5734E6E5-0356-4C1A-8838-911C4C90771F}.Release|x86.ActiveCfg = Release|Win32
		{5734E6E5-0356-4C1A-8838-911C4C90771F}.Release|x86.Build.0 = Release|Win32
		{4EB7F952-E1AA-4101-B283-9CFC696DC038}.Debug|x64.ActiveCfg = Debug|x64
		{4EB7F952-E1AA-4101-B283-9CFC696DC038}.Debug|x64.Build.0 = Debug|x64
		{4EB7F952-E1AA-4101-B283-9CFC696DC038}.Debug|x86.ActiveCfg = Debug|Win32
		{4EB7F952-E1AA-4101-B283-9CFC696DC038}.Debug|x86.Build.0 = Debug|Win32
		{4EB7F952-E1AA-4101-B283-9CFC696DC038}.Release|x64.ActiveCfg = Release|x64
		{4EB7F952-E1AA-4101-B283-9CFC696DC038}.Release|x64.Build.0 = Release|x64
		{4EB7F952-E1AA-4101-B283-9CFC696DC038}.Release|x86.ActiveCfg = Release|Win32
		{4EB7F952-E1AA-4101-B283-9CFC696DC038}.Release|x86.Build.0 = Release|Win32
		{F24D2720-C402-48C1-BD70-5D26267D3FDA}.Debug|x64.ActiveCfg = Debug|x64
		{F24D2720-C402-48C1-BD70-5D26267D3FDA}.Debug|x64.Build.0 = Debug|x64
		{F24D2720-C402-48C1-BD70-5D26267D3FDA}.Debug|x86.ActiveCfg = Debug|Win32
		{F24D2720-C402-48C1-BD70-5D26267D3FDA}.Debug|x86.Build.0 = Debug|Win32
		{F24D2720-C402-48C1-BD70-5D26267D3FDA}.Release|x64.ActiveCfg = Release|x64
		{F24D2720-C402-48C1-BD70-5D26267D3FDA}.Release|x64.Build.0 = Release|x64
		{F24D2720-C402-48C1-BD70-5D26267D3FDA}.Release|x86.ActiveCfg = Release|Win32
		{F24D2720-C402-48C1-BD70-5D26267D3FDA}.Release|x86.Build.0 = Release|Win32
		{5C3FCC7B-B1BE-481F-99B8-912A0729645C}.Debug|x64.ActiveCfg = Debug|x64
		{5C3FCC7B-B1BE-481F-99B8-912A0729645C}.Debug|x64.Build.0 = Debug|x64
		{5C3FCC7B-B1BE-481F-99B8-912A0729645C}.Debug|x86.ActiveCfg = Debug|Win32
		{5C3FCC7B-B1BE-481F-99B8-912A0729645C}.Debug|x86.Build.0 = Debug|Win32
		{5C3FCC7B-B1BE-481F-99B8-912A0729645C}.Release|x64.ActiveCfg = Release|x64
		{5C3FCC7B-B1BE-481F-99B8-912A0729645C}.Release|x64.Build.0 = Release|x64
		{5C3FCC7B-B1BE-481F-99B8-912A0729645C}.Release|x86.ActiveCfg = Release|Win32
		{5C3FCC7B-B1BE-481F-99B8-912A0729645C}.Release|x86.Build.0 = Release|Win32
		{299CF5E0-C09D-43BC-A422-1C4E717D88BB}.Debug|x64.ActiveCfg = Debug|x64
		{299CF5E0-C09D-43BC-A422-1C4E717D88BB}.Debug|x64.Build.0 = Debug|x64
		{299CF5E0-C09D-43BC-A422-1C4E717D88BB}.Debug|x86.ActiveCfg = Debug|Win32
		{299CF5E0-C09D-43BC-A422-1C4E717D88BB}.Debug|x86.Build.0 = Debug|Win32
		{299CF5E0-C09D-43BC-A422-1C4E717D88BB}.Release|x64.ActiveCfg = Release|x64
		{299CF5E0-C09D-43BC-A422-1C4E717D88BB}.Release|x64.Build.0 = Release|x64
		{299CF5E0-C09D-43BC-A422-1C4E717D88BB}.Release|x86.ActiveCfg = Release|Win32
		{299CF5E0-C09D-43BC-A422-1C4E717D88BB}.Release|x86.Build.0 = Release|Win32
		{7EF2653D-119C-4BB6-AF05-371B975A5D7D}.Debug|x64.ActiveCfg = Debug|x64
		{7EF2653D-119C-4BB6-AF05-371B975A5D7D}.Debug|x64.Build.0 = Debug|x64
		{7EF2653D-119C-4BB6-AF05-371B975A5D7D}.Debug|x86.ActiveCfg = Debug|Win32
		{7EF2653D-119C-4BB6-AF05-371B975A5D7D}.Debug|x86.Build.0 = Debug|Win32
		{7EF2653D-119C-4BB6-AF05-371B975A5D7D}.Release|x64.ActiveCfg = Release|x64
		{7EF2653D-119C-4BB6-AF05-371B975A5D7D}.Release|x64.Build.0 = Release|x64
		{7EF2653D-119C-4BB6-AF05-371B975A5D7D}.Release|x86.ActiveCfg = Release|Win32
		{7EF2653D-119C-4BB6-AF05-371B975A5D7D}.Release|x86.Build.0 = Release|Win32
		{F8573B84-A451-4E53-BA16-5A5BC84F32AD}.Debug|x64.ActiveCfg = Debug|x64
		{F8573B84-A451-4E53-BA16-5A5BC84F32AD}.Debug|x64.Build.0 = Debug|x64
		{F8573B84-A451-4E53-BA16-5A5BC84F32AD}.Debug|x86.ActiveCfg = Debug|Win32
		{F8573B84-A451-4E53-BA16-5A5BC84F32AD}.Debug|x86.Build.0 = Debug|Win32
		{F8573B84-A451-4E53-BA16-5A5BC84F32AD}.Release|x64.ActiveCfg = Release|x64
		{F8573B84-A451-4E53-BA16-5A5BC84F32AD}.Release|x64.Build.0 = Release|x64
		{F8573B84-A451-4E53-BA16-5A5BC84F32AD}.Release|x86.ActiveCfg = Release|Win32
		{F8573B84-A451-4E53-BA16-5A5BC84F32AD}.Release|x86.Build.0 = Release|Win32
		{58BC09D6-05A3-4588-BD15-BF5DDDA5EAD3}.Debug|x64.ActiveCfg = Debug|x64
		{58BC09D6-05A3-4588-BD15-BF5DDDA5EAD3}.Debug|x64.Build.0 = Debug|x64
		{58BC09D6-05A3-4588-BD15-BF5DDDA5EAD3}.Debug|x86.ActiveCfg = Debug|Win32
		{58BC09D6-05A3-4588-BD15-BF5DDDA5EAD3}.Debug|x86.Build.0 = Debug|Win32
		{58BC09D6-05A3-4588-BD15-BF5DDDA5EAD3}.Release|x64.ActiveCfg = Release|x64
		{58BC09D6-05A3-4588-BD15-BF5DDDA5EAD3}.Release|x64.Build.0 = Release|x64
		{58BC09D6-05A3-4588-BD15-BF5DDDA5EAD3}.Release|x86.ActiveCfg = Release|Win32
		{58BC09D6-05A3-4588-BD15-BF5DDDA5EAD3}.Release|x86.Build.0 = Release|Win32
		{CD21994F-54FB-4833-A151-6E23E73C0319}.Debug|x64.ActiveCfg = Debug|x64
		{CD21994F-54FB-4833-A151-6E23E73C0319}.Debug|x64.Build.0 = Debug|x64
		{CD21994F-54FB-4833-A151-6E23E73C0319}.Debug|x86.ActiveCfg = Debug|Win32
		{CD21994F-54FB-4833-A151-6E23E73C0319}.Debug|x86.Build.0 = Debug|Win32
		{CD21994F-54FB-4833-A151-6E23E73C0319}.Release|x64.ActiveCfg = Release|x64
		{CD21994F-54FB-4833-A151-6E23E73C0319}.Release|x64.Build.0 = Release|x64
		{CD21994F-54FB-4833-A151-6E23E73C0319}.Release|x86.ActiveCfg = Release|Win32
		{CD21994F-54FB-4833-A151-6E23E73C0319}.Release|x86.Build.0 = Release|Win32
		{5A0E8DFB-CCF6-4BFD-9217-C1C2ADCF10D2}.Debug|x64.ActiveCfg = Debug|x64
		{5A0E8DFB-CCF6-4BFD-9217-C1C2ADCF10D2}.Debug|x64.Build.0 = Debug|x64
		{5A0E8DFB-CCF6-4BFD-9217-C1C2ADCF10D2}.Debug|x86.ActiveCfg = Debug|Win32
		{5A0E8DFB-CCF6-4BFD-9217-C1C2ADCF10D2}.Debug|x86.Build.0 = Debug|Win32
		{5A0E8DFB-CCF6-4BFD-9217-C1C2ADCF10D2}.Release|x64.ActiveCfg = Release|x64
		{5A0E8DFB-CCF6-4BFD-9217-C1C2ADCF10D2}.Release|x64.Build.0 = Release|x64
		{5A0E8DFB-CCF6-4BFD-9217-C1C2ADCF10D2}.Release|x86.ActiveCfg = Release|Win32
		{5A0E8DFB-CCF6-4BFD-9217-C1C2ADCF10D2}.Release|x86.Build.0 = Release|Win32
		{0FFF82CA-D261-4950-8782-FC501046A3D9}.Debug|x64.ActiveCfg = Debug|x64
		{0FFF82CA-D261-4950-8782-FC501046A3D9}.Debug|x64.Build.0 = Debug|x64
		{0FFF82CA-D261-4950-8782-FC501046A3D9}.Debug|x86.ActiveCfg = Debug|Win32
		{0FFF82CA-D261-4950-8782-FC501046A3D9}.Debug|x86.Build.0 = Debug|Win32
		{0FFF82CA-D261-4950-8782-FC501046A3D9}.Release|x64.ActiveCfg = Release|x64
		{0FFF82CA-D261-4950-8782-FC501046A3D9}.Release|x64.Build.0 = Release|x64
		{0FFF82CA-D261-4950-8782-FC501046A3D9}.Release|x86.ActiveCfg = Release|Win32
		{0FFF82CA-D261-4950-8782-FC501046A3D9}.Release|x86.Build.0 = Release|Win32
		{6FB91096-278F-487B-8016-03634C2DC608}.Debug|x64.ActiveCfg = Debug|x64
		{6FB91096-278F-487B-8016-03634C2DC608}.Debug|x64.Build.0 = Debug|x64
		{6FB91096-278F-487B-8016-03634C2DC608}.Debug|x86.ActiveCfg = Debug|Win32
		{6FB91096-278F-487B-8016-03634C2DC608}.Debug|x86.Build.0 = Debug|Win32
		{6FB91096-278F-487B-8016-03634C2DC608}.Release|x64.ActiveCfg = Release|x64
		{6FB91096-278F-487B-8016-03634C2DC608}.Release|x64.Build.0 = Release|x64
		{6FB91096-278F-487B-8016-03634C2DC608}.Release|x86.ActiveCfg = Release|Win32
		{6FB91096-278F-487B-8016-03634C2DC608}.Release|x86.Build.0 = Release|Win32
		{09D41CA1-AA96-4AAE-9E4E-8CA3C4855E7B}.Debug|x64.ActiveCfg = Debug|x64
		{09D41CA1-AA96-4AAE-9E4E-8CA3C4855E7B}.Debug|x64.Build.0 = Debug|x64
		{09D41CA1-AA96-4AAE-9E4E-8CA3C4855E7B}.Debug|x86.ActiveCfg = Debug|Win32
		{09D41CA1-AA96-4AAE-9E4E-8CA3C4855E7B}.Debug|x86.Build.0 = Debug|Win32
		{09D41CA1-AA96-4AAE-9E4E-8CA3C4855E7B}.Release|x64.ActiveCfg = Release|x64
		{09D41CA1-AA96-4AAE-9E4E-8CA3C4855E7B}.Release|x64.Build.0 = Release|x64
		{09D41CA1-AA96-4AAE-9E4E-8CA3C4855E7B}.Release|x86.ActiveCfg = Release|Win32
		{09D41CA1-AA96-4AAE-9E4E-8CA3C4855E7B}.Release|x86.Build.0 = Release|Win32
		{3251F9D4-9481-42E3-A575-3470A55D4276}.Debug|x64.ActiveCfg = Debug|x64
		{3251F9D4-9481-42E3-A575-3470A55D4276}.Debug|x64.Build.0 = Debug|x64
		{3251F9D4-9481-42E3-A575-3470A55D4276}.Debug|x86.ActiveCfg = Debug|Win32
		{3251F9D4-9481-42E3-A575-3470A55D4276}.Debug|x86.Build.0 = Debug|Win32
		{3251F9D4-9481-42E3-A575-3470A55D4276}.Release|x64.ActiveCfg = Release|x64
		{3251F9D4-9481-42E3-A575-3470A55D4276}.Release|x64.Build.0 = Release|x64
		{3251F9D4-9481-42E3-A575-3470A55D4276}.Release|x86.ActiveCfg = Release|Win32
		{3251F9D4-9481-42E3-A575-3470A55D4276}.Release|x86.Build.0 = Release|Win32
		{F0927CB5-1BF9-46A0-AABB-B669ED8E9B50}.Debug|x64.ActiveCfg = Debug|x64
		{F0927CB5-1BF9-46A0-AABB-B669ED8E9B50}.Debug|x64.Build.0 = Debug|x64
		{F0927CB5-1BF9-46A0-AABB-B669ED8E9B50}.Debug|x86.ActiveCfg = Debug|Win32
		{F0927CB5-1BF9-46A0-AABB-B669ED8E9B50}.Debug|x86.Build.0 = Debug|Win32
		{F0927CB5-1BF9-46A0-AABB-B669ED8E9B50}.Release|x64.ActiveCfg = Release|x64
		{F0927CB5-1BF9-46A0-AABB-B669ED8E9B50}.Release|x64.Build.0 = Release|x64
		{F0927CB5-1BF9-46A0-AABB-B669ED8E9B50}.Release|x86.ActiveCfg = Release|Win32
		{F0927CB5-1BF9-46A0-AABB-B669ED8E9B50}.Release|x86.Build.0 = Release|Win32
		{38FBECA1-7959-4357-935A-4E9D727B21FE}.Debug|x64.ActiveCfg = Debug|x64
		{38FBECA1-7959-4357-935A-4E9D727B21FE}.Debug|x64.Build.0 = Debug|x64
		{38FBECA1-7959-4357-935A-4E9D727B21FE}.Debug|x86.ActiveCfg = Debug|Win32
		{38FBECA1-7959-4357-935A-4E9D727B21FE}.Debug|x86.Build.0 = Debug|Win32
		{38FBECA1-7959-4357-935A-4E9D727B21FE}.Release|x64.ActiveCfg = Release|x64
		{38FBECA1-7959-4357-935A-4E9D727B21FE}.Release|x64.Build.0 = Release|x64
		{38FBECA1-7959-4357-935A-4E9D727B21FE}.Release|x86.ActiveCfg = Release|Win32
		{38FBECA1-7959-4357-935A-4E9D727B21FE}.Release|x86.Build.0 = Release|Win32
		{FC73EB42-DBCC-4747-BCA2-3B80C6F3E926}.Debug|x64.ActiveCfg = Debug|x64
		{FC73EB42-DBCC-4747-BCA2-3B80C6F3E926}.Debug|x64.Build.0 = Debug|x64
		{FC73EB42-DBCC-4747-BCA2-3B80C6F3E926}.Debug|x86.ActiveCfg = Debug|Win32
		{FC73EB42-DBCC-4747-BCA2-3B80C6F3E926}.Debug|x86.Build.0 = Debug|Win32
		{FC73EB42-DBCC-4747-BCA2-3B80C6F3E926}.Release|x64.ActiveCfg = Release|x64
		{FC73EB42-DBCC-4747-BCA2-3B80C6F3E926}.Release|x64.Build.0 = Release|x64
		{FC73EB42-DBCC-4747-BCA2-3B80C6F3E926}.Release|x86.ActiveCfg = Release|Win32
		{FC73EB42-DBCC-4747-BCA2-3B80C6F3E926}.Release|x86.Build.0 = Release|Win32
		{8BE0AD23-33A4-437B-8E38-816240C6F538}.Debug|x64.ActiveCfg = Debug|x64
		{8BE0AD23-33A4-437B-8E38-816240C6F538}.Debug|x64.Build.0 = Debug|x64
		{8BE0AD23-33A4-437B-8E38-816240C6F538}.Debug|x86.ActiveCfg = Debug|Win32
		{8BE0AD23-33A4-437B-8E38-816240C6F538}.Debug|x86.Build.0 = Debug|Win32
		{8BE0AD23-33A4-437B-8E38-816240C6F538}.Release|x64.ActiveCfg = Release|x64
		{8BE0AD23-33A4-437B-8E38-816240C6F538}.Release|x64.Build.0 = Release|x64
		{8BE0AD23-33A4-437B-8E38-816240C6F538}.Release|x86.ActiveCfg = Release|Win32
		{8BE0AD23-33A4-437B-8E38-816240C6F538}.Release|x86.Build.0 = Release|Win32
		{EA0D2905-71F2-45EE-961D-B2E087E625F8}.Debug|x64.ActiveCfg = Debug|x64
		{EA0D2905-71F2-45EE-961D-B2E087E625F8}.Debug|x64.Build.0 = Debug|x64
		{EA0D2905-71F2-45EE-961D-B2E087E625F8}.Debug|x86.ActiveCfg = Debug|Win32
		{EA0D2905-71F2-45EE-961D-B2E087E625F8}.Debug|x86.Build.0 = Debug|Win32
		{EA0D2905-71F2-45EE-961D-B2E087E625F8}.Release|x64.ActiveCfg = Release|x64
		{EA0D2905-71F2-45EE-961D-B2E087E625F8}.Release|x64.Build.0 = Release|x64
		{EA0D2905-71F2-45EE-961D-B2E087E625F8}.Release|x86.ActiveCfg = Release|Win32
		{EA0D2905-71F2-45EE-961D-B2E087E625F8}.Release|x86.Build.0 = Release|Win32
		{9E91EC2B-DA19-4523-8A4C-9726C7044EB0}.Debug|x64.ActiveCfg = Debug|x64
		{9E91EC2B-DA19-4523-8A4C-9726C7044EB0}.Debug|x64.Build.0 = Debug|x64
		{9E91EC2B-DA19-4523-8A4C-9726C7044EB0}.Debug|x86.ActiveCfg = Debug|Win32
		{9E91EC2B-DA19-4523-8A4C-9726C7044EB0}.Debug|x86.Build.0 = Debug|Win32
		{9E91EC2B-DA19-4523-8A4C-9726C7044EB0}.Release|x64.ActiveCfg = Release|x64
		{9E91EC2B-DA19-4523-8A4C-9726C7044EB0}.Release|x64.Build.0 = Release|x64
		{9E91EC2B-DA19-4523-8A4C-9726C7044EB0}.Release|x86.ActiveCfg = Release|Win32
		{9E91EC2B-DA19-4523-8A4C-9726C7044EB0}.Release|x86.Build.0 = Release|Win32
		{D1533935-BAD8-40B1-A063-C67E27B95B0D}.Debug|x64.ActiveCfg = Debug|x64
		{D1533935-BAD8-40B1-A063-C67E27B95B0D}.Debug|x64.Build.0 = Debug|x64
		{D1533935-BAD8-40B1-A063-C67E27B95B0D}.Debug|x86.ActiveCfg = Debug|Win32
		{D1533935-BAD8-40B1-A063-C67E27B95B0D}.Debug|x86.Build.0 = Debug|Win32
		{D1533935-BAD8-40B1-A063-C67E27B95B0D}.Release|x64.ActiveCfg = Release|x64
		{D1533935-BAD8-40B1-A063-C67E27B95B0D}.Release|x64.Build.0 = Release|x64
		{D1533935-BAD8-40B1-A063-C67E27B95B0D}.Release|x86.ActiveCfg = Release|Win32
		{D1533935-BAD8-40B1-A063-C67E27B95B0D}.Release|x86.Build.0 = Release|Win32
		{504A1DA1-A873-49B6-AC94-E3BD4472003E}.Debug|x64.ActiveCfg = Debug|x64
		{504A1DA1-A873-49B6-AC94-E3BD4472003E}.Debug|x64.Build.0 = Debug|x64
		{504A1DA1-A873-49B6-AC94-E3BD4472003E}.Debug|x86.ActiveCfg = Debug|Win32
		{504A1DA1-A873-49B6-AC94-E3BD4472003E}.Debug|x86.Build.0 = Debug|Win32
		{504A1DA1-A873-49B6-AC94-E3BD4472003E}.Release|x64.ActiveCfg = Release|x64
		{504A1DA1-A873-49B6-AC94-E3BD4472003E}.Release|x64.Build.0 = Release|x64
		{504A1DA1-A873-49B6-AC94-E3BD4472003E}.Release|x86.ActiveCfg = Release|Win32
		{504A1DA1-A873-49B6-AC94-E3BD4472003E}.Release|x86.Build.0 = Release|Win32
		{20EF51FB-B353-47FE-89ED-6D563A346F51}.Debug|x64.ActiveCfg = Debug|x64
		{20EF51FB-B353-47FE-89ED-6D563A346F51}.Debug|x64.Build.0 = Debug|x64
		{20EF51FB-B353-47FE-89ED-6D563A346F51}.Debug|x86.ActiveCfg = Debug|Win32
		{20EF51FB-B353-47FE-89ED-6D563A346F51}.Debug|x86.Build.0 = Debug|Win32
		{20EF51FB-B353-47FE-89ED-6D563A346F51}.Release|x64.ActiveCfg = Release|x64
		{20EF51FB-B353-47FE-89ED-6D563A346F51}.Release|x64.Build.0 = Release|x64
		{20EF51FB-B353-47FE-89ED-6D563A346F51}.Release|x86.ActiveCfg = Release|Win32
		{20EF51FB-B353-47FE-89ED-6D563A346F51}.Release|x86.Build.0 = Release|Win32
		{4138EFCB-BEBA-4D4B-9351-7FEA701F4819}.Debug|x64.ActiveCfg = Debug|x64
		{4138EFCB-BEBA-4D4B-9351-7FEA701F4819}.Debug|x64.Build.0 = Debug|x64
		{4138EFCB-BEBA-4D4B-9351-7FEA701F4819}.Debug|x86.ActiveCfg = Debug|Win32
		{4138EFCB-BEBA-4D4B-9351-7FEA701F4819}.Debug|x86.Build.0 = Debug|Win32
		{4138EFCB-BEBA-4D4B-9351-7FEA701F4819}.Release|x64.ActiveCfg = Release|x64
		{4138EFCB-BEBA-4D4B-9351-7FEA701F4819}.Release|x64.Build.0 = Release|x64
		{4138EFCB-BEBA-4D4B-9351-7FEA701F4819}.Release|x86.ActiveCfg = Release|Win32
		{4138EFCB-BEBA-4D4B-9351-7FEA701F4819}.Release|x86.Build.0 = Release|Win32
		{F47521E7-2519-410A-B0EA-AD2921FA93AB}.Debug|x64.ActiveCfg = Debug|x64
		{F47521E7-2519-410A-B0EA-AD2921FA93AB}.Debug|x64.Build.0 = Debug|x64
		{F47521E7-2519-410A-B0EA-AD2921FA93AB}.Debug|x86.ActiveCfg = Debug|Win32
		{F47521E7-2519-410A-B0EA-AD2921FA93AB}.Debug|x86.Build.0 = Debug|Win32
		{F47521E7-2519-410A-B0EA-AD2921FA93AB}.Release|x64.ActiveCfg = Release|x64
		{F47521E7-2519-410A-B0EA-AD2921FA93AB}.Release|x64.Build.0 = Release|x64
		{F47521E7-2519-410A-B0EA-AD2921FA93AB}.Release|x86.ActiveCfg = Release|Win32
		{F47521E7-2519-410A-B0EA-AD2921FA93AB}.Release|x86.Build.0 = Release|Win32
		{43E9CAB4-FC0D-4292-B438-0253A5FE178A}.Debug|x64.ActiveCfg = Debug|x64
		{43E9CAB4-FC0D-4292-B438-0253A5FE178A}.Debug|x64.Build.0 = Debug|x64
		{43E9CAB4-FC0D-4292-B438-0253A5FE178A}.Debug|x86.ActiveCfg = Debug|Win32
		{43E9CAB4-FC0D-4292-B438-0253A5FE178A}.Debug|x86.Build.0 = Debug|Win32
		{43E9CAB4-FC0D-4292-B438-0253A5FE178A}.Release|x64.ActiveCfg = Release|x64
		{43E9CAB4-FC0D-4292-B438-0253A5FE178A}.Release|x64.Build.0 = Release|x64
		{43E9CAB4-FC0D-4292-B438-0253A5FE178A}.Release|x86.ActiveCfg = Release|Win32
		{43E9CAB4-FC0D-4292-B438-0253A5FE178A}.Release|x86.Build.0 = Release|Win32
		{6A8A1726-9197-4DF4-A0CB-BB93413D8A74}.Debug|x64.ActiveCfg = Debug|x64
		{6A8A1726-9197-4DF4-A0CB-BB93413D8A74}.Debug|x64.Build.0 = Debug|x64
		{6A8A1726-9197-4DF4-A0CB-BB93413D8A74}.Debug|x86.ActiveCfg = Debug|Win32
		{6A8A1726-9197-4DF4-A0CB-BB93413D8A74}.Debug|x86.Build.0 = Debug|Win32
		{6A8A1726-9197-4DF4-A0CB-BB93413D8A74}.Release|x64.ActiveCfg = Release|x64
		{6A8A1726-9197-4DF4-A0CB-BB93413D8A74}.Release|x64.Build.0 = Release|x64
		{6A8A1726-9197-4DF4-A0CB-BB93413D8A74}.Release|x86.ActiveCfg = Release|Win32
		{6A8A1726-9197-4DF4-A0CB-BB93413D8A74}.Release|x86.Build.0 = Release|Win32
		{BF26FEF6-0130-47B4-890C-F598E56BF8CF}.Debug|x64.ActiveCfg = Debug|x64
		{BF26FEF6-0130-47B4-890C-F598E56BF8CF}.Debug|x64.Build.0 = Debug|x64
		{BF26FEF6-0130-47B4-890C-F598E56BF8CF}.Debug|x86.ActiveCfg = Debug|Win32
		{BF26FEF6-0130-47B4-890C-F598E56BF8CF}.Debug|x86.Build.0 = Debug|Win32
		{BF26FEF6-0130-47B4-890C-F598E56BF8CF}.Release|x64.ActiveCfg = Release|x64
		{BF26FEF6-0130-47B4-890C-F598E56BF8CF}.Release|x64.Build.0 = Release|x64
		{BF26FEF6-0130-47B4-890C-F598E56BF8CF}.Release|x86.ActiveCfg = Release|Win32
		{BF26FEF6-0130-47B4-890C-F598E56BF8CF}.Release|x86.Build.0 = Release|Win32
		{A21F7D9E-E00A-4F5E-B355-98FF0F573475}.Debug|x64.ActiveCfg = Debug|x64
		{A21F7D9E-E00A-4F5E-B355-98FF0F573475}.Debug|x64.Build.0 = Debug|x64
		{A21F7D9E-E00A-4F5E-B355-98FF0F573475}.Debug|x86.ActiveCfg = Debug|Win32
		{A21F7D9E-E00A-4F5E-B355-98FF0F573475}.Debug|x86.Build.0 = Debug|Win32
		{A21F7D9E-E00A-4F5E-B355-98FF0F573475}.Release|x64.ActiveCfg = Release|x64
		{A21F7D9E-E00A-4F5E-B355-98FF0F573475}.Release|x64.Build.0 = Release|x64
		{A21F7D9E-E00A-4F5E-B355-98FF0F573475}.Release|x86.ActiveCfg = Release|Win32
		{A21F7D9E-E00A-4F5E-B355-98FF0F573475}.Release|x86.Build.0 = Release|Win32
		{947088EF-5127-429B-8867-A79249FBF9A1}.Debug|x64.ActiveCfg = Debug|x64
		{947088EF-5127-429B-8867-A79249FBF9A1}.Debug|x64.Build.0 = Debug|x64
		{947088EF-5127-429B-8867-A79249FBF9A1}.Debug|x86.ActiveCfg = Debug|Win32
		{947088EF-5127-429B-8867-A79249FBF9A1}.Debug|x86.Build.0 = Debug|Win32
		{947088EF-5127-429B-8867-A79249FBF9A1}.Release|x64.ActiveCfg = Release|x64
		{947088EF-5127-429B-8867-A79249FBF9A1}.Release|x64.Build.0 = Release|x64
		{947088EF-5127-429B-8867-A79249FBF9A1}.Release|x86.ActiveCfg = Release|Win32
		{947088EF-5127-429B-8867-A79249FBF9A1}.Release|x86.Build.0 = Release|Win32
		{DF272B1F-A466-4492-B3BB-C3D3837E518F}.Debug|x64.ActiveCfg = Debug|x64
		{DF272B1F-A466-4492-B3BB-C3D3837E518F}.Debug|x64.Build.0 = Debug|x64
		{DF272B1F-A466-4492-B3BB-C3D3837E518F}.Debug|x86.ActiveCfg = Debug|Win32
		{DF272B1F-A466-4492-B3BB-C3D3837E518F}.Debug|x86.Build.0 = Debug|Win32
		{DF272B1F-A466-4492-B3BB-C3D3837E518F}.Release|x64.ActiveCfg = Release|x64
		{DF272B1F-A466-4492-B3BB-C3D3837E518F}.Release|x64.Build.0 = Release|x64
		{DF272B1F-A466-4492-B3BB-C3D3837E518F}.Release|x86.ActiveCfg = Release|Win32
		{DF272B1F-A466-4492-B3BB-C3D3837E518F}.Release|x86.Build.0 = Release|Win32
		{873C0D71-24D0-4BCD-AF45-F20BFC6D3B6F}.Debug|x64.ActiveCfg = Debug|x64
		{873C0D71-24D0-4BCD-AF45-F20BFC6D3B6F}.Debug|x64.Build.0 = Debug|x64
		{873C0D71-24D0-4BCD-AF45-F20BFC6D3B6F}.Debug|x86.ActiveCfg = Debug|Win32
		{873C0D71-24D0-4BCD-AF45-F20BFC6D3B6F}.Debug|x86.Build.0 = Debug|Win32
		{873C0D71-24D0-4BCD-AF45-F20BFC6D3B6F}.Release|x64.ActiveCfg = Release|x64
		{873C0D71-24D0-4BCD-AF45-F20BFC6D3B6F}.Release|x64.Build.0 = Release|x64
		{873C0D71-24D0-4BCD-AF45-F20BFC6D3B6F}.Release|x86.ActiveCfg = Release|Win32
		{873C0D71-24D0-4BCD-AF45-F20BFC6D3B6F}.Release|x86.Build.0 = Release|Win32
		{66540D1D-587A-412F-8C8E-510857D60D11}.Debug|x64.ActiveCfg = Debug|x64
		{66540D1D-587A-412F-8C8E-510857D60D11}.Debug|x64.Build.0 = Debug|x64
		{66540D1D-587A-412F-8C8E-510857D60D11}.Debug|x86.ActiveCfg = Debug|Win32
		{66540D1D-587A-412F-8C8E-510857D60D11}.Debug|x86.Build.0 = Debug|Win32
		{66540D1D-587A-412F-8C8E-510857D60D11}.Release|x64.ActiveCfg = Release|x64
		{66540D1D-587A-412F-8C8E-510857D60D11}.Release|x64.Build.0 = Release|x64
		{66540D1D-587A-412F-8C8E-510857D60D11}.Release|x86.ActiveCfg = Release|Win32
		{66540D1D-587A-412F-8C8E-510857D60D11}.Release|x86.Build.0 = Release|Win32
		{D555BE41-EAE1-4A2B-9D66-CA3FB8A84635}.Debug|x64.ActiveCfg = Debug|x64
		{D555BE41-EAE1-4A2B-9D66-CA3FB8A84635}.Debug|x64.Build.0 = Debug|x64
		{D555BE41-EAE1-4A2B-9D66-CA3FB8A84635}.Debug|x86.ActiveCfg = Debug|Win32
		{D555BE41-EAE1-4A2B-9D66-CA3FB8A84635}.Debug|x86.Build.0 = Debug|Win32
		{D555BE41-EAE1-4A2B-9D66-CA3FB8A84635}.Release|x64.ActiveCfg = Release|x64
		{D555BE41-EAE1-4A2B-9D66-CA3FB8A84635}.Release|x64.Build.0 = Release|x64
		{D555BE41-EAE1-4A2B-9D66-CA3FB8A84635}.Release|x86.ActiveCfg = Release|Win32
		{D555BE41-EAE1-4A2B-9D66-CA3FB8A84635}.Release|x86.Build.0 = Release|Win32
		{6F112F11-4316-476B-B60C-2388601E192C}.Debug|x64.ActiveCfg = Debug|x64
		{6F112F11-4316-476B-B60C-2388601E192C}.Debug|x64.Build.0 = Debug|x64
		{6F112F11-4316-476B-B60C-2388601E192C}.Debug|x86.ActiveCfg = Debug|Win32
		{6F112F11-4316-476B-B60C-2388601E192C}.Debug|x86.Build.0 = Debug|Win32
		{6F112F11-4316-476B-B60C-2388601E192C}.Release|x64.ActiveCfg = Release|x64
		{6F112F11-4316-476B-B60C-2388601E192C}.Release|x64.Build.0 = Release|x64
		{6F112F11-4316-476B-B60C-2388601E192C}.Release|x86.ActiveCfg = Release|Win32
		{6F112F11-4316-476B-B60C-2388601E192C}.Release|x86.Build.0 = Release|Win32
		{BD184AB5-639C-4C95-848D-ECF531DB1297}.Debug|x64.ActiveCfg = Debug|x64
		{BD184AB5-639C-4C95-848D-ECF531DB1297}.Debug|x64.Build.0 = Debug|x64
		{BD184AB5-639C-4C95-848D-ECF531DB1297}.Debug|x86.ActiveCfg = Debug|Win32
		{BD184AB5-639C-4C95-848D-ECF531DB1297}.Debug|x86.Build.0 = Debug|Win32
		{BD184AB5-639C-4C95-848D-ECF531DB1297}.Release|x64.ActiveCfg = Release|x64
		{BD184AB5-639C-4C95-848D-ECF531DB1297}.Release|x64.Build.0 = Release|x64
		{BD184AB5-639C-4C95-848D-ECF531DB1297}.Release|x86.ActiveCfg = Release|Win32
		{BD184AB5-639C-4C95-848D-ECF531DB1297}.Release|x86.Build.0 = Release|Win32
		{0449C5D2-90F5-4150-BDEE-051FE08205E3}.Debug|x64.ActiveCfg = Debug|x64
		{0449C5D2-90F5-4150-BDEE-051FE08205E3}.Debug|x64.Build.0 = Debug|x64
		{0449C5D2-90F5-4150-BDEE-051FE08205E3}.Debug|x86.ActiveCfg = Debug|Win32
		{0449C5D2-90F5-4150-BDEE-051FE08205E3}.Debug|x86.Build.0 = Debug|Win32
		{0449C5D2-90F5-4150-BDEE-051FE08205E3}.Release|x64.ActiveCfg = Release|x64
		{0449C5D2-90F5-4150-BDEE-051FE08205E3}.Release|x64.Build.0 = Release|x64
		{0449C5D2-90F5-4150-BDEE-051FE08205E3}.Release|x86.ActiveCfg = Release|Win32
		{0449C5D2-90F5-4150-BDEE-051FE08205E3}.Release|x86.Build.0 = Release|Win32
	EndGlobalSection
	GlobalSection(SolutionProperties) = preSolution
		HideSolutionNode = FALSE
	EndGlobalSection
	GlobalSection(NestedProjects) = preSolution
		{2E3700DE-AA12-4D89-B0B1-8B335437AE6C} = {6DBF3CEB-34DB-4A05-B6B4-3F7F8FEB9768}
		{7446369D-6800-4913-8434-CCA331616FC2} = {B2F760BF-DA33-49DF-9D74-D8ACA8FE37EF}
		{E7695E49-45DD-4063-A98F-4C4FE387A720} = {6DBF3CEB-34DB-4A05-B6B4-3F7F8FEB9768}
		{D4651537-5E1E-4EBA-B9E5-33AE4A960549} = {542ADC9D-5DC0-40F5-8140-B119F7170FCF}
		{93143A29-C1D3-4497-B3FA-E868E071D2C7} = {6DBF3CEB-34DB-4A05-B6B4-3F7F8FEB9768}
		{ED3A28BD-BBFE-4695-9C01-F300D9828A1C} = {A17A94A2-FDC4-4A79-8D0C-CA54CE73CAA5}
		{341DCED9-43C9-41AD-96D8-EBF9DC40DADA} = {A17A94A2-FDC4-4A79-8D0C-CA54CE73CAA5}
		{36DFA9E3-9AF3-437F-8A7B-0AE22ABA5767} = {B2F760BF-DA33-49DF-9D74-D8ACA8FE37EF}
		{0BF6EC5A-0366-4150-BB0E-E11C1A441795} = {6DBF3CEB-34DB-4A05-B6B4-3F7F8FEB9768}
		{06E4B9F9-3A06-4790-9E46-7C141B732DE7} = {A17A94A2-FDC4-4A79-8D0C-CA54CE73CAA5}
		{824BFEC8-533E-4E31-BE19-192FA7FE560F} = {A17A94A2-FDC4-4A79-8D0C-CA54CE73CAA5}
		{4855464A-5C7C-4813-983B-8F244E551393} = {B2F760BF-DA33-49DF-9D74-D8ACA8FE37EF}
		{D0912397-E02F-4A55-B6FB-0225B39C0FF9} = {542ADC9D-5DC0-40F5-8140-B119F7170FCF}
		{39A947C9-64E2-4FF9-9051-590FA3DA7C62} = {6DBF3CEB-34DB-4A05-B6B4-3F7F8FEB9768}
		{35AA5EB3-D26E-4252-8DEA-B5F50A5F86D3} = {542ADC9D-5DC0-40F5-8140-B119F7170FCF}
		{343A4FBD-5BB4-4D51-A255-EA2C604BB933} = {542ADC9D-5DC0-40F5-8140-B119F7170FCF}
		{73CA400C-4F39-44FE-B801-78EC5E990205} = {542ADC9D-5DC0-40F5-8140-B119F7170FCF}
		{5798E079-A643-41FD-8927-FA181BD2C41D} = {8E0348B1-159D-4FB1-9CD0-BEC8E8E3DDE5}
		{A21E648A-53C2-4AF3-876C-2F73C2BAF0CB} = {8E0348B1-159D-4FB1-9CD0-BEC8E8E3DDE5}
		{BCCD02BE-1946-44D8-B376-A86D4E1A3402} = {8E0348B1-159D-4FB1-9CD0-BEC8E8E3DDE5}
		{99980742-8B74-4546-B88D-8102917EF0F7} = {8E0348B1-159D-4FB1-9CD0-BEC8E8E3DDE5}
		{C8AADB52-B8F7-4878-9366-15C0FABBB03D} = {8E0348B1-159D-4FB1-9CD0-BEC8E8E3DDE5}
		{EF7CCF8B-61AB-42EC-BAB6-2BB4B7B655D9} = {B63A8D43-B74C-418C-8405-D9778E990703}
		{A2BD5303-CD29-4C8A-ADAD-8417B2DDBE29} = {B63A8D43-B74C-418C-8405-D9778E990703}
		{F876F551-231B-494D-BE96-FCBD259648ED} = {08157EBF-2AD0-446A-A16D-6B125A52817D}
		{8C5548E1-E7B9-455D-8958-44DC4E6C59AF} = {08157EBF-2AD0-446A-A16D-6B125A52817D}
		{5734E6E5-0356-4C1A-8838-911C4C90771F} = {08157EBF-2AD0-446A-A16D-6B125A52817D}
		{4EB7F952-E1AA-4101-B283-9CFC696DC038} = {08157EBF-2AD0-446A-A16D-6B125A52817D}
		{B63A8D43-B74C-418C-8405-D9778E990703} = {8E0348B1-159D-4FB1-9CD0-BEC8E8E3DDE5}
		{F24D2720-C402-48C1-BD70-5D26267D3FDA} = {08157EBF-2AD0-446A-A16D-6B125A52817D}
		{5C3FCC7B-B1BE-481F-99B8-912A0729645C} = {08157EBF-2AD0-446A-A16D-6B125A52817D}
		{299CF5E0-C09D-43BC-A422-1C4E717D88BB} = {08157EBF-2AD0-446A-A16D-6B125A52817D}
		{7EF2653D-119C-4BB6-AF05-371B975A5D7D} = {6872E063-7E94-4305-A2EA-91DD5B7A3325}
		{F8573B84-A451-4E53-BA16-5A5BC84F32AD} = {6872E063-7E94-4305-A2EA-91DD5B7A3325}
		{58BC09D6-05A3-4588-BD15-BF5DDDA5EAD3} = {6872E063-7E94-4305-A2EA-91DD5B7A3325}
		{CD21994F-54FB-4833-A151-6E23E73C0319} = {6872E063-7E94-4305-A2EA-91DD5B7A3325}
		{5A0E8DFB-CCF6-4BFD-9217-C1C2ADCF10D2} = {6872E063-7E94-4305-A2EA-91DD5B7A3325}
		{0FFF82CA-D261-4950-8782-FC501046A3D9} = {6872E063-7E94-4305-A2EA-91DD5B7A3325}
		{6FB91096-278F-487B-8016-03634C2DC608} = {6872E063-7E94-4305-A2EA-91DD5B7A3325}
		{09D41CA1-AA96-4AAE-9E4E-8CA3C4855E7B} = {6872E063-7E94-4305-A2EA-91DD5B7A3325}
		{3251F9D4-9481-42E3-A575-3470A55D4276} = {6872E063-7E94-4305-A2EA-91DD5B7A3325}
		{F0927CB5-1BF9-46A0-AABB-B669ED8E9B50} = {6872E063-7E94-4305-A2EA-91DD5B7A3325}
		{38FBECA1-7959-4357-935A-4E9D727B21FE} = {6872E063-7E94-4305-A2EA-91DD5B7A3325}
		{FC73EB42-DBCC-4747-BCA2-3B80C6F3E926} = {6872E063-7E94-4305-A2EA-91DD5B7A3325}
		{8BE0AD23-33A4-437B-8E38-816240C6F538} = {6872E063-7E94-4305-A2EA-91DD5B7A3325}
		{EA0D2905-71F2-45EE-961D-B2E087E625F8} = {6872E063-7E94-4305-A2EA-91DD5B7A3325}
		{9E91EC2B-DA19-4523-8A4C-9726C7044EB0} = {6872E063-7E94-4305-A2EA-91DD5B7A3325}
		{D1533935-BAD8-40B1-A063-C67E27B95B0D} = {6872E063-7E94-4305-A2EA-91DD5B7A3325}
		{504A1DA1-A873-49B6-AC94-E3BD4472003E} = {6872E063-7E94-4305-A2EA-91DD5B7A3325}
		{20EF51FB-B353-47FE-89ED-6D563A346F51} = {6872E063-7E94-4305-A2EA-91DD5B7A3325}
		{4138EFCB-BEBA-4D4B-9351-7FEA701F4819} = {6872E063-7E94-4305-A2EA-91DD5B7A3325}
		{F47521E7-2519-410A-B0EA-AD2921FA93AB} = {6872E063-7E94-4305-A2EA-91DD5B7A3325}
		{43E9CAB4-FC0D-4292-B438-0253A5FE178A} = {6872E063-7E94-4305-A2EA-91DD5B7A3325}
		{6A8A1726-9197-4DF4-A0CB-BB93413D8A74} = {6872E063-7E94-4305-A2EA-91DD5B7A3325}
		{BF26FEF6-0130-47B4-890C-F598E56BF8CF} = {6872E063-7E94-4305-A2EA-91DD5B7A3325}
		{A21F7D9E-E00A-4F5E-B355-98FF0F573475} = {6872E063-7E94-4305-A2EA-91DD5B7A3325}
		{947088EF-5127-429B-8867-A79249FBF9A1} = {6872E063-7E94-4305-A2EA-91DD5B7A3325}
		{DF272B1F-A466-4492-B3BB-C3D3837E518F} = {6872E063-7E94-4305-A2EA-91DD5B7A3325}
		{873C0D71-24D0-4BCD-AF45-F20BFC6D3B6F} = {6872E063-7E94-4305-A2EA-91DD5B7A3325}
		{66540D1D-587A-412F-8C8E-510857D60D11} = {6872E063-7E94-4305-A2EA-91DD5B7A3325}
		{D555BE41-EAE1-4A2B-9D66-CA3FB8A84635} = {6872E063-7E94-4305-A2EA-91DD5B7A3325}
		{6F112F11-4316-476B-B60C-2388601E192C} = {6872E063-7E94-4305-A2EA-91DD5B7A3325}
		{BD184AB5-639C-4C95-848D-ECF531DB1297} = {6872E063-7E94-4305-A2EA-91DD5B7A3325}
		{0449C5D2-90F5-4150-BDEE-051FE08205E3} = {6872E063-7E94-4305-A2EA-91DD5B7A3325}
	EndGlobalSection
	GlobalSection(ExtensibilityGlobals) = postSolution
		SolutionGuid = {34E5A315-0826-403B-B284-B0BC556461F9}
	EndGlobalSection
EndGlobal
