
Microsoft Visual Studio Solution File, Format Version 12.00
# Visual Studio Version 16
VisualStudioVersion = 16.0.30413.136
MinimumVisualStudioVersion = 10.0.40219.1
Project("{8BC9CEB8-8B4A-11D0-8D11-00A0C91BC942}") = "35. SearchInsert", "35. SearchInsert\35. SearchInsert.vcxproj", "{2E3700DE-AA12-4D89-B0B1-8B335437AE6C}"
EndProject
Project("{8BC9CEB8-8B4A-11D0-8D11-00A0C91BC942}") = "27. RemoveElement", "27. RemoveElement\27. RemoveElement.vcxproj", "{7446369D-6800-4913-8434-CCA331616FC2}"
EndProject
Project("{8BC9CEB8-8B4A-11D0-8D11-00A0C91BC942}") = "15. ThreeSum", "15. ThreeSum\15. ThreeSum.vcxproj", "{E7695E49-45DD-4063-A98F-4C4FE387A720}"
EndProject
Project("{8BC9CEB8-8B4A-11D0-8D11-00A0C91BC942}") = "1. TwoSum", "1. TwoSum\1. TwoSum.vcxproj", "{D4651537-5E1E-4EBA-B9E5-33AE4A960549}"
EndProject
Project("{8BC9CEB8-8B4A-11D0-8D11-00A0C91BC942}") = "18. FourSum", "18. FourSum\18. FourSum.vcxproj", "{93143A29-C1D3-4497-B3FA-E868E071D2C7}"
EndProject
Project("{8BC9CEB8-8B4A-11D0-8D11-00A0C91BC942}") = "206. ReverseLinkedList", "206. ReverseLinkedList\206. ReverseLinkedList.vcxproj", "{ED3A28BD-BBFE-4695-9C01-F300D9828A1C}"
EndProject
Project("{8BC9CEB8-8B4A-11D0-8D11-00A0C91BC942}") = "142. LinkedListCycle", "142. LinkedListCycle\142. LinkedListCycle.vcxproj", "{341DCED9-43C9-41AD-96D8-EBF9DC40DADA}"
EndProject
Project("{8BC9CEB8-8B4A-11D0-8D11-00A0C91BC942}") = "209. MinimumSizeSubarraySum", "209. MinimumSizeSubarraySum\209. MinimumSizeSubarraySum.vcxproj", "{36DFA9E3-9AF3-437F-8A7B-0AE22ABA5767}"
EndProject
Project("{8BC9CEB8-8B4A-11D0-8D11-00A0C91BC942}") = "59. SpiralMatrix", "59. SpiralMatrix\59. SpiralMatrix.vcxproj", "{0BF6EC5A-0366-4150-BB0E-E11C1A441795}"
EndProject
Project("{8BC9CEB8-8B4A-11D0-8D11-00A0C91BC942}") = "203. RemoveLinkedListElements", "203. RemoveLinkedListElements\203. RemoveLinkedListElements.vcxproj", "{06E4B9F9-3A06-4790-9E46-7C141B732DE7}"
EndProject
Project("{8BC9CEB8-8B4A-11D0-8D11-00A0C91BC942}") = "707. DesignLinkedList", "707. DesignLinkedList\707. DesignLinkedList.vcxproj", "{824BFEC8-533E-4E31-BE19-192FA7FE560F}"
EndProject
Project("{8BC9CEB8-8B4A-11D0-8D11-00A0C91BC942}") = "19. RemoveNthNodeFromEndofList", "19. RemoveNthNodeFromEndofList\19. RemoveNthNodeFromEndofList.vcxproj", "{4855464A-5C7C-4813-983B-8F244E551393}"
EndProject
Project("{8BC9CEB8-8B4A-11D0-8D11-00A0C91BC942}") = "242. ValidAnagram", "242. ValidAnagram\242. ValidAnagram.vcxproj", "{D0912397-E02F-4A55-B6FB-0225B39C0FF9}"
EndProject
Project("{8BC9CEB8-8B4A-11D0-8D11-00A0C91BC942}") = "349. IntersectionOfTwoArrays", "349. IntersectionOfTwoArrays\349. IntersectionOfTwoArrays.vcxproj", "{39A947C9-64E2-4FF9-9051-590FA3DA7C62}"
EndProject
Project("{8BC9CEB8-8B4A-11D0-8D11-00A0C91BC942}") = "202. HappyNumber", "202. HappyNumber\202. HappyNumber.vcxproj", "{35AA5EB3-D26E-4252-8DEA-B5F50A5F86D3}"
EndProject
Project("{8BC9CEB8-8B4A-11D0-8D11-00A0C91BC942}") = "454. FourSumII", "454. FourSumII\454. FourSumII.vcxproj", "{343A4FBD-5BB4-4D51-A255-EA2C604BB933}"
EndProject
Project("{8BC9CEB8-8B4A-11D0-8D11-00A0C91BC942}") = "383. RansomNote", "383. RansomNote\383. RansomNote.vcxproj", "{73CA400C-4F39-44FE-B801-78EC5E990205}"
EndProject
Project("{8BC9CEB8-8B4A-11D0-8D11-00A0C91BC942}") = "344. ReverseString", "344. ReverseString\344. ReverseString.vcxproj", "{5798E079-A643-41FD-8927-FA181BD2C41D}"
EndProject
Project("{8BC9CEB8-8B4A-11D0-8D11-00A0C91BC942}") = "541. ReverseStringII", "541. ReverseStringII\541. ReverseStringII.vcxproj", "{A21E648A-53C2-4AF3-876C-2F73C2BAF0CB}"
EndProject
Project("{8BC9CEB8-8B4A-11D0-8D11-00A0C91BC942}") = "JZ05. ReplaceSpace", "JZ05. ReplaceSpace\JZ05. ReplaceSpace.vcxproj", "{BCCD02BE-1946-44D8-B376-A86D4E1A3402}"
EndProject
Project("{8BC9CEB8-8B4A-11D0-8D11-00A0C91BC942}") = "151. ReverseWordsInString", "151. ReverseWordsInString\151. ReverseWordsInString.vcxproj", "{99980742-8B74-4546-B88D-8102917EF0F7}"
EndProject
Project("{8BC9CEB8-8B4A-11D0-8D11-00A0C91BC942}") = "JZ58. ReverseLeftWords", "JZ58. ReverseLeftWords\JZ58. ReverseLeftWords.vcxproj", "{C8AADB52-B8F7-4878-9366-15C0FABBB03D}"
EndProject
Project("{8BC9CEB8-8B4A-11D0-8D11-00A0C91BC942}") = "28. ImplementstrStr()", "28. ImplementstrStr()\28. ImplementstrStr().vcxproj", "{EF7CCF8B-61AB-42EC-BAB6-2BB4B7B655D9}"
EndProject
Project("{8BC9CEB8-8B4A-11D0-8D11-00A0C91BC942}") = "459. RepeatedSubstringPattern", "459. RepeatedSubstringPattern\459. RepeatedSubstringPattern.vcxproj", "{A2BD5303-CD29-4C8A-ADAD-8417B2DDBE29}"
EndProject
Project("{8BC9CEB8-8B4A-11D0-8D11-00A0C91BC942}") = "232. ImplementQueueUsingStacks", "232. ImplementQueueUsingStacks\232. ImplementQueueUsingStacks.vcxproj", "{F876F551-231B-494D-BE96-FCBD259648ED}"
EndProject
Project("{8BC9CEB8-8B4A-11D0-8D11-00A0C91BC942}") = "225. ImplementStackUsingQueues", "225. ImplementStackUsingQueues\225. ImplementStackUsingQueues.vcxproj", "{8C5548E1-E7B9-455D-8958-44DC4E6C59AF}"
EndProject
Project("{8BC9CEB8-8B4A-11D0-8D11-00A0C91BC942}") = "20. ValidParenthese", "20. ValidParenthese\20. ValidParenthese.vcxproj", "{5734E6E5-0356-4C1A-8838-911C4C90771F}"
EndProject
Project("{8BC9CEB8-8B4A-11D0-8D11-00A0C91BC942}") = "1047. RemoveAllAdjantDuplicatesInString", "1047. RemoveAllAdjantDuplicatesInString\1047. RemoveAllAdjantDuplicatesInString.vcxproj", "{4EB7F952-E1AA-4101-B283-9CFC696DC038}"
EndProject
Project("{2150E333-8FDC-42A3-9474-1A3956D46DE8}") = "Array", "Array", "{6DBF3CEB-34DB-4A05-B6B4-3F7F8FEB9768}"
EndProject
Project("{2150E333-8FDC-42A3-9474-1A3956D46DE8}") = "Linked List", "Linked List", "{A17A94A2-FDC4-4A79-8D0C-CA54CE73CAA5}"
EndProject
Project("{2150E333-8FDC-42A3-9474-1A3956D46DE8}") = "Hash Table", "Hash Table", "{542ADC9D-5DC0-40F5-8140-B119F7170FCF}"
EndProject
Project("{2150E333-8FDC-42A3-9474-1A3956D46DE8}") = "String", "String", "{8E0348B1-159D-4FB1-9CD0-BEC8E8E3DDE5}"
EndProject
Project("{2150E333-8FDC-42A3-9474-1A3956D46DE8}") = "Stack and Queue", "Stack and Queue", "{08157EBF-2AD0-446A-A16D-6B125A52817D}"
EndProject
Project("{2150E333-8FDC-42A3-9474-1A3956D46DE8}") = "Two Pointers", "Two Pointers", "{B2F760BF-DA33-49DF-9D74-D8ACA8FE37EF}"
EndProject
Project("{2150E333-8FDC-42A3-9474-1A3956D46DE8}") = "KMP", "KMP", "{B63A8D43-B74C-418C-8405-D9778E990703}"
EndProject
Project("{8BC9CEB8-8B4A-11D0-8D11-00A0C91BC942}") = "150. EvaluateReversePolishNotation", "150. EvaluateReversePolishNotation\150. EvaluateReversePolishNotation.vcxproj", "{F24D2720-C402-48C1-BD70-5D26267D3FDA}"
EndProject
Project("{8BC9CEB8-8B4A-11D0-8D11-00A0C91BC942}") = "239. SlidingWindowMaximum", "239. SlidingWindowMaximum\239. SlidingWindowMaximum.vcxproj", "{5C3FCC7B-B1BE-481F-99B8-912A0729645C}"
EndProject
Project("{8BC9CEB8-8B4A-11D0-8D11-00A0C91BC942}") = "347. TopKFrequentElement", "347. TopKFrequentElement\347. TopKFrequentElement.vcxproj", "{299CF5E0-C09D-43BC-A422-1C4E717D88BB}"
EndProject
Project("{2150E333-8FDC-42A3-9474-1A3956D46DE8}") = "Binary Tree", "Binary Tree", "{6872E063-7E94-4305-A2EA-91DD5B7A3325}"
EndProject
Project("{8BC9CEB8-8B4A-11D0-8D11-00A0C91BC942}") = "144. BinaryTreePreorderTraversal", "144. BinaryTreePreorderTraversal\144. BinaryTreePreorderTraversal.vcxproj", "{7EF2653D-119C-4BB6-AF05-371B975A5D7D}"
EndProject
Project("{8BC9CEB8-8B4A-11D0-8D11-00A0C91BC942}") = "145. BinaryTreePostorderTraversal", "145. BinaryTreePostorderTraversal\145. BinaryTreePostorderTraversal.vcxproj", "{F8573B84-A451-4E53-BA16-5A5BC84F32AD}"
EndProject
Global
	GlobalSection(SolutionConfigurationPlatforms) = preSolution
		Debug|x64 = Debug|x64
		Debug|x86 = Debug|x86
		Release|x64 = Release|x64
		Release|x86 = Release|x86
	EndGlobalSection
	GlobalSection(ProjectConfigurationPlatforms) = postSolution
		{2E3700DE-AA12-4D89-B0B1-8B335437AE6C}.Debug|x64.ActiveCfg = Debug|x64
		{2E3700DE-AA12-4D89-B0B1-8B335437AE6C}.Debug|x64.Build.0 = Debug|x64
		{2E3700DE-AA12-4D89-B0B1-8B335437AE6C}.Debug|x86.ActiveCfg = Debug|Win32
		{2E3700DE-AA12-4D89-B0B1-8B335437AE6C}.Debug|x86.Build.0 = Debug|Win32
		{2E3700DE-AA12-4D89-B0B1-8B335437AE6C}.Release|x64.ActiveCfg = Release|x64
		{2E3700DE-AA12-4D89-B0B1-8B335437AE6C}.Release|x64.Build.0 = Release|x64
		{2E3700DE-AA12-4D89-B0B1-8B335437AE6C}.Release|x86.ActiveCfg = Release|Win32
		{2E3700DE-AA12-4D89-B0B1-8B335437AE6C}.Release|x86.Build.0 = Release|Win32
		{7446369D-6800-4913-8434-CCA331616FC2}.Debug|x64.ActiveCfg = Debug|x64
		{7446369D-6800-4913-8434-CCA331616FC2}.Debug|x64.Build.0 = Debug|x64
		{7446369D-6800-4913-8434-CCA331616FC2}.Debug|x86.ActiveCfg = Debug|Win32
		{7446369D-6800-4913-8434-CCA331616FC2}.Debug|x86.Build.0 = Debug|Win32
		{7446369D-6800-4913-8434-CCA331616FC2}.Release|x64.ActiveCfg = Release|x64
		{7446369D-6800-4913-8434-CCA331616FC2}.Release|x64.Build.0 = Release|x64
		{7446369D-6800-4913-8434-CCA331616FC2}.Release|x86.ActiveCfg = Release|Win32
		{7446369D-6800-4913-8434-CCA331616FC2}.Release|x86.Build.0 = Release|Win32
		{E7695E49-45DD-4063-A98F-4C4FE387A720}.Debug|x64.ActiveCfg = Debug|x64
		{E7695E49-45DD-4063-A98F-4C4FE387A720}.Debug|x64.Build.0 = Debug|x64
		{E7695E49-45DD-4063-A98F-4C4FE387A720}.Debug|x86.ActiveCfg = Debug|Win32
		{E7695E49-45DD-4063-A98F-4C4FE387A720}.Debug|x86.Build.0 = Debug|Win32
		{E7695E49-45DD-4063-A98F-4C4FE387A720}.Release|x64.ActiveCfg = Release|x64
		{E7695E49-45DD-4063-A98F-4C4FE387A720}.Release|x64.Build.0 = Release|x64
		{E7695E49-45DD-4063-A98F-4C4FE387A720}.Release|x86.ActiveCfg = Release|Win32
		{E7695E49-45DD-4063-A98F-4C4FE387A720}.Release|x86.Build.0 = Release|Win32
		{D4651537-5E1E-4EBA-B9E5-33AE4A960549}.Debug|x64.ActiveCfg = Debug|x64
		{D4651537-5E1E-4EBA-B9E5-33AE4A960549}.Debug|x64.Build.0 = Debug|x64
		{D4651537-5E1E-4EBA-B9E5-33AE4A960549}.Debug|x86.ActiveCfg = Debug|Win32
		{D4651537-5E1E-4EBA-B9E5-33AE4A960549}.Debug|x86.Build.0 = Debug|Win32
		{D4651537-5E1E-4EBA-B9E5-33AE4A960549}.Release|x64.ActiveCfg = Release|x64
		{D4651537-5E1E-4EBA-B9E5-33AE4A960549}.Release|x64.Build.0 = Release|x64
		{D4651537-5E1E-4EBA-B9E5-33AE4A960549}.Release|x86.ActiveCfg = Release|Win32
		{D4651537-5E1E-4EBA-B9E5-33AE4A960549}.Release|x86.Build.0 = Release|Win32
		{93143A29-C1D3-4497-B3FA-E868E071D2C7}.Debug|x64.ActiveCfg = Debug|x64
		{93143A29-C1D3-4497-B3FA-E868E071D2C7}.Debug|x64.Build.0 = Debug|x64
		{93143A29-C1D3-4497-B3FA-E868E071D2C7}.Debug|x86.ActiveCfg = Debug|Win32
		{93143A29-C1D3-4497-B3FA-E868E071D2C7}.Debug|x86.Build.0 = Debug|Win32
		{93143A29-C1D3-4497-B3FA-E868E071D2C7}.Release|x64.ActiveCfg = Release|x64
		{93143A29-C1D3-4497-B3FA-E868E071D2C7}.Release|x64.Build.0 = Release|x64
		{93143A29-C1D3-4497-B3FA-E868E071D2C7}.Release|x86.ActiveCfg = Release|Win32
		{93143A29-C1D3-4497-B3FA-E868E071D2C7}.Release|x86.Build.0 = Release|Win32
		{ED3A28BD-BBFE-4695-9C01-F300D9828A1C}.Debug|x64.ActiveCfg = Debug|x64
		{ED3A28BD-BBFE-4695-9C01-F300D9828A1C}.Debug|x64.Build.0 = Debug|x64
		{ED3A28BD-BBFE-4695-9C01-F300D9828A1C}.Debug|x86.ActiveCfg = Debug|Win32
		{ED3A28BD-BBFE-4695-9C01-F300D9828A1C}.Debug|x86.Build.0 = Debug|Win32
		{ED3A28BD-BBFE-4695-9C01-F300D9828A1C}.Release|x64.ActiveCfg = Release|x64
		{ED3A28BD-BBFE-4695-9C01-F300D9828A1C}.Release|x64.Build.0 = Release|x64
		{ED3A28BD-BBFE-4695-9C01-F300D9828A1C}.Release|x86.ActiveCfg = Release|Win32
		{ED3A28BD-BBFE-4695-9C01-F300D9828A1C}.Release|x86.Build.0 = Release|Win32
		{341DCED9-43C9-41AD-96D8-EBF9DC40DADA}.Debug|x64.ActiveCfg = Debug|x64
		{341DCED9-43C9-41AD-96D8-EBF9DC40DADA}.Debug|x64.Build.0 = Debug|x64
		{341DCED9-43C9-41AD-96D8-EBF9DC40DADA}.Debug|x86.ActiveCfg = Debug|Win32
		{341DCED9-43C9-41AD-96D8-EBF9DC40DADA}.Debug|x86.Build.0 = Debug|Win32
		{341DCED9-43C9-41AD-96D8-EBF9DC40DADA}.Release|x64.ActiveCfg = Release|x64
		{341DCED9-43C9-41AD-96D8-EBF9DC40DADA}.Release|x64.Build.0 = Release|x64
		{341DCED9-43C9-41AD-96D8-EBF9DC40DADA}.Release|x86.ActiveCfg = Release|Win32
		{341DCED9-43C9-41AD-96D8-EBF9DC40DADA}.Release|x86.Build.0 = Release|Win32
		{36DFA9E3-9AF3-437F-8A7B-0AE22ABA5767}.Debug|x64.ActiveCfg = Debug|x64
		{36DFA9E3-9AF3-437F-8A7B-0AE22ABA5767}.Debug|x64.Build.0 = Debug|x64
		{36DFA9E3-9AF3-437F-8A7B-0AE22ABA5767}.Debug|x86.ActiveCfg = Debug|Win32
		{36DFA9E3-9AF3-437F-8A7B-0AE22ABA5767}.Debug|x86.Build.0 = Debug|Win32
		{36DFA9E3-9AF3-437F-8A7B-0AE22ABA5767}.Release|x64.ActiveCfg = Release|x64
		{36DFA9E3-9AF3-437F-8A7B-0AE22ABA5767}.Release|x64.Build.0 = Release|x64
		{36DFA9E3-9AF3-437F-8A7B-0AE22ABA5767}.Release|x86.ActiveCfg = Release|Win32
		{36DFA9E3-9AF3-437F-8A7B-0AE22ABA5767}.Release|x86.Build.0 = Release|Win32
		{0BF6EC5A-0366-4150-BB0E-E11C1A441795}.Debug|x64.ActiveCfg = Debug|x64
		{0BF6EC5A-0366-4150-BB0E-E11C1A441795}.Debug|x64.Build.0 = Debug|x64
		{0BF6EC5A-0366-4150-BB0E-E11C1A441795}.Debug|x86.ActiveCfg = Debug|Win32
		{0BF6EC5A-0366-4150-BB0E-E11C1A441795}.Debug|x86.Build.0 = Debug|Win32
		{0BF6EC5A-0366-4150-BB0E-E11C1A441795}.Release|x64.ActiveCfg = Release|x64
		{0BF6EC5A-0366-4150-BB0E-E11C1A441795}.Release|x64.Build.0 = Release|x64
		{0BF6EC5A-0366-4150-BB0E-E11C1A441795}.Release|x86.ActiveCfg = Release|Win32
		{0BF6EC5A-0366-4150-BB0E-E11C1A441795}.Release|x86.Build.0 = Release|Win32
		{06E4B9F9-3A06-4790-9E46-7C141B732DE7}.Debug|x64.ActiveCfg = Debug|x64
		{06E4B9F9-3A06-4790-9E46-7C141B732DE7}.Debug|x64.Build.0 = Debug|x64
		{06E4B9F9-3A06-4790-9E46-7C141B732DE7}.Debug|x86.ActiveCfg = Debug|Win32
		{06E4B9F9-3A06-4790-9E46-7C141B732DE7}.Debug|x86.Build.0 = Debug|Win32
		{06E4B9F9-3A06-4790-9E46-7C141B732DE7}.Release|x64.ActiveCfg = Release|x64
		{06E4B9F9-3A06-4790-9E46-7C141B732DE7}.Release|x64.Build.0 = Release|x64
		{06E4B9F9-3A06-4790-9E46-7C141B732DE7}.Release|x86.ActiveCfg = Release|Win32
		{06E4B9F9-3A06-4790-9E46-7C141B732DE7}.Release|x86.Build.0 = Release|Win32
		{824BFEC8-533E-4E31-BE19-192FA7FE560F}.Debug|x64.ActiveCfg = Debug|x64
		{824BFEC8-533E-4E31-BE19-192FA7FE560F}.Debug|x64.Build.0 = Debug|x64
		{824BFEC8-533E-4E31-BE19-192FA7FE560F}.Debug|x86.ActiveCfg = Debug|Win32
		{824BFEC8-533E-4E31-BE19-192FA7FE560F}.Debug|x86.Build.0 = Debug|Win32
		{824BFEC8-533E-4E31-BE19-192FA7FE560F}.Release|x64.ActiveCfg = Release|x64
		{824BFEC8-533E-4E31-BE19-192FA7FE560F}.Release|x64.Build.0 = Release|x64
		{824BFEC8-533E-4E31-BE19-192FA7FE560F}.Release|x86.ActiveCfg = Release|Win32
		{824BFEC8-533E-4E31-BE19-192FA7FE560F}.Release|x86.Build.0 = Release|Win32
		{4855464A-5C7C-4813-983B-8F244E551393}.Debug|x64.ActiveCfg = Debug|x64
		{4855464A-5C7C-4813-983B-8F244E551393}.Debug|x64.Build.0 = Debug|x64
		{4855464A-5C7C-4813-983B-8F244E551393}.Debug|x86.ActiveCfg = Debug|Win32
		{4855464A-5C7C-4813-983B-8F244E551393}.Debug|x86.Build.0 = Debug|Win32
		{4855464A-5C7C-4813-983B-8F244E551393}.Release|x64.ActiveCfg = Release|x64
		{4855464A-5C7C-4813-983B-8F244E551393}.Release|x64.Build.0 = Release|x64
		{4855464A-5C7C-4813-983B-8F244E551393}.Release|x86.ActiveCfg = Release|Win32
		{4855464A-5C7C-4813-983B-8F244E551393}.Release|x86.Build.0 = Release|Win32
		{D0912397-E02F-4A55-B6FB-0225B39C0FF9}.Debug|x64.ActiveCfg = Debug|x64
		{D0912397-E02F-4A55-B6FB-0225B39C0FF9}.Debug|x64.Build.0 = Debug|x64
		{D0912397-E02F-4A55-B6FB-0225B39C0FF9}.Debug|x86.ActiveCfg = Debug|Win32
		{D0912397-E02F-4A55-B6FB-0225B39C0FF9}.Debug|x86.Build.0 = Debug|Win32
		{D0912397-E02F-4A55-B6FB-0225B39C0FF9}.Release|x64.ActiveCfg = Release|x64
		{D0912397-E02F-4A55-B6FB-0225B39C0FF9}.Release|x64.Build.0 = Release|x64
		{D0912397-E02F-4A55-B6FB-0225B39C0FF9}.Release|x86.ActiveCfg = Release|Win32
		{D0912397-E02F-4A55-B6FB-0225B39C0FF9}.Release|x86.Build.0 = Release|Win32
		{39A947C9-64E2-4FF9-9051-590FA3DA7C62}.Debug|x64.ActiveCfg = Debug|x64
		{39A947C9-64E2-4FF9-9051-590FA3DA7C62}.Debug|x64.Build.0 = Debug|x64
		{39A947C9-64E2-4FF9-9051-590FA3DA7C62}.Debug|x86.ActiveCfg = Debug|Win32
		{39A947C9-64E2-4FF9-9051-590FA3DA7C62}.Debug|x86.Build.0 = Debug|Win32
		{39A947C9-64E2-4FF9-9051-590FA3DA7C62}.Release|x64.ActiveCfg = Release|x64
		{39A947C9-64E2-4FF9-9051-590FA3DA7C62}.Release|x64.Build.0 = Release|x64
		{39A947C9-64E2-4FF9-9051-590FA3DA7C62}.Release|x86.ActiveCfg = Release|Win32
		{39A947C9-64E2-4FF9-9051-590FA3DA7C62}.Release|x86.Build.0 = Release|Win32
		{35AA5EB3-D26E-4252-8DEA-B5F50A5F86D3}.Debug|x64.ActiveCfg = Debug|x64
		{35AA5EB3-D26E-4252-8DEA-B5F50A5F86D3}.Debug|x64.Build.0 = Debug|x64
		{35AA5EB3-D26E-4252-8DEA-B5F50A5F86D3}.Debug|x86.ActiveCfg = Debug|Win32
		{35AA5EB3-D26E-4252-8DEA-B5F50A5F86D3}.Debug|x86.Build.0 = Debug|Win32
		{35AA5EB3-D26E-4252-8DEA-B5F50A5F86D3}.Release|x64.ActiveCfg = Release|x64
		{35AA5EB3-D26E-4252-8DEA-B5F50A5F86D3}.Release|x64.Build.0 = Release|x64
		{35AA5EB3-D26E-4252-8DEA-B5F50A5F86D3}.Release|x86.ActiveCfg = Release|Win32
		{35AA5EB3-D26E-4252-8DEA-B5F50A5F86D3}.Release|x86.Build.0 = Release|Win32
		{343A4FBD-5BB4-4D51-A255-EA2C604BB933}.Debug|x64.ActiveCfg = Debug|x64
		{343A4FBD-5BB4-4D51-A255-EA2C604BB933}.Debug|x64.Build.0 = Debug|x64
		{343A4FBD-5BB4-4D51-A255-EA2C604BB933}.Debug|x86.ActiveCfg = Debug|Win32
		{343A4FBD-5BB4-4D51-A255-EA2C604BB933}.Debug|x86.Build.0 = Debug|Win32
		{343A4FBD-5BB4-4D51-A255-EA2C604BB933}.Release|x64.ActiveCfg = Release|x64
		{343A4FBD-5BB4-4D51-A255-EA2C604BB933}.Release|x64.Build.0 = Release|x64
		{343A4FBD-5BB4-4D51-A255-EA2C604BB933}.Release|x86.ActiveCfg = Release|Win32
		{343A4FBD-5BB4-4D51-A255-EA2C604BB933}.Release|x86.Build.0 = Release|Win32
		{73CA400C-4F39-44FE-B801-78EC5E990205}.Debug|x64.ActiveCfg = Debug|x64
		{73CA400C-4F39-44FE-B801-78EC5E990205}.Debug|x64.Build.0 = Debug|x64
		{73CA400C-4F39-44FE-B801-78EC5E990205}.Debug|x86.ActiveCfg = Debug|Win32
		{73CA400C-4F39-44FE-B801-78EC5E990205}.Debug|x86.Build.0 = Debug|Win32
		{73CA400C-4F39-44FE-B801-78EC5E990205}.Release|x64.ActiveCfg = Release|x64
		{73CA400C-4F39-44FE-B801-78EC5E990205}.Release|x64.Build.0 = Release|x64
		{73CA400C-4F39-44FE-B801-78EC5E990205}.Release|x86.ActiveCfg = Release|Win32
		{73CA400C-4F39-44FE-B801-78EC5E990205}.Release|x86.Build.0 = Release|Win32
		{5798E079-A643-41FD-8927-FA181BD2C41D}.Debug|x64.ActiveCfg = Debug|x64
		{5798E079-A643-41FD-8927-FA181BD2C41D}.Debug|x64.Build.0 = Debug|x64
		{5798E079-A643-41FD-8927-FA181BD2C41D}.Debug|x86.ActiveCfg = Debug|Win32
		{5798E079-A643-41FD-8927-FA181BD2C41D}.Debug|x86.Build.0 = Debug|Win32
		{5798E079-A643-41FD-8927-FA181BD2C41D}.Release|x64.ActiveCfg = Release|x64
		{5798E079-A643-41FD-8927-FA181BD2C41D}.Release|x64.Build.0 = Release|x64
		{5798E079-A643-41FD-8927-FA181BD2C41D}.Release|x86.ActiveCfg = Release|Win32
		{5798E079-A643-41FD-8927-FA181BD2C41D}.Release|x86.Build.0 = Release|Win32
		{A21E648A-53C2-4AF3-876C-2F73C2BAF0CB}.Debug|x64.ActiveCfg = Debug|x64
		{A21E648A-53C2-4AF3-876C-2F73C2BAF0CB}.Debug|x64.Build.0 = Debug|x64
		{A21E648A-53C2-4AF3-876C-2F73C2BAF0CB}.Debug|x86.ActiveCfg = Debug|Win32
		{A21E648A-53C2-4AF3-876C-2F73C2BAF0CB}.Debug|x86.Build.0 = Debug|Win32
		{A21E648A-53C2-4AF3-876C-2F73C2BAF0CB}.Release|x64.ActiveCfg = Release|x64
		{A21E648A-53C2-4AF3-876C-2F73C2BAF0CB}.Release|x64.Build.0 = Release|x64
		{A21E648A-53C2-4AF3-876C-2F73C2BAF0CB}.Release|x86.ActiveCfg = Release|Win32
		{A21E648A-53C2-4AF3-876C-2F73C2BAF0CB}.Release|x86.Build.0 = Release|Win32
		{BCCD02BE-1946-44D8-B376-A86D4E1A3402}.Debug|x64.ActiveCfg = Debug|x64
		{BCCD02BE-1946-44D8-B376-A86D4E1A3402}.Debug|x64.Build.0 = Debug|x64
		{BCCD02BE-1946-44D8-B376-A86D4E1A3402}.Debug|x86.ActiveCfg = Debug|Win32
		{BCCD02BE-1946-44D8-B376-A86D4E1A3402}.Debug|x86.Build.0 = Debug|Win32
		{BCCD02BE-1946-44D8-B376-A86D4E1A3402}.Release|x64.ActiveCfg = Release|x64
		{BCCD02BE-1946-44D8-B376-A86D4E1A3402}.Release|x64.Build.0 = Release|x64
		{BCCD02BE-1946-44D8-B376-A86D4E1A3402}.Release|x86.ActiveCfg = Release|Win32
		{BCCD02BE-1946-44D8-B376-A86D4E1A3402}.Release|x86.Build.0 = Release|Win32
		{99980742-8B74-4546-B88D-8102917EF0F7}.Debug|x64.ActiveCfg = Debug|x64
		{99980742-8B74-4546-B88D-8102917EF0F7}.Debug|x64.Build.0 = Debug|x64
		{99980742-8B74-4546-B88D-8102917EF0F7}.Debug|x86.ActiveCfg = Debug|Win32
		{99980742-8B74-4546-B88D-8102917EF0F7}.Debug|x86.Build.0 = Debug|Win32
		{99980742-8B74-4546-B88D-8102917EF0F7}.Release|x64.ActiveCfg = Release|x64
		{99980742-8B74-4546-B88D-8102917EF0F7}.Release|x64.Build.0 = Release|x64
		{99980742-8B74-4546-B88D-8102917EF0F7}.Release|x86.ActiveCfg = Release|Win32
		{99980742-8B74-4546-B88D-8102917EF0F7}.Release|x86.Build.0 = Release|Win32
		{C8AADB52-B8F7-4878-9366-15C0FABBB03D}.Debug|x64.ActiveCfg = Debug|x64
		{C8AADB52-B8F7-4878-9366-15C0FABBB03D}.Debug|x64.Build.0 = Debug|x64
		{C8AADB52-B8F7-4878-9366-15C0FABBB03D}.Debug|x86.ActiveCfg = Debug|Win32
		{C8AADB52-B8F7-4878-9366-15C0FABBB03D}.Debug|x86.Build.0 = Debug|Win32
		{C8AADB52-B8F7-4878-9366-15C0FABBB03D}.Release|x64.ActiveCfg = Release|x64
		{C8AADB52-B8F7-4878-9366-15C0FABBB03D}.Release|x64.Build.0 = Release|x64
		{C8AADB52-B8F7-4878-9366-15C0FABBB03D}.Release|x86.ActiveCfg = Release|Win32
		{C8AADB52-B8F7-4878-9366-15C0FABBB03D}.Release|x86.Build.0 = Release|Win32
		{EF7CCF8B-61AB-42EC-BAB6-2BB4B7B655D9}.Debug|x64.ActiveCfg = Debug|x64
		{EF7CCF8B-61AB-42EC-BAB6-2BB4B7B655D9}.Debug|x64.Build.0 = Debug|x64
		{EF7CCF8B-61AB-42EC-BAB6-2BB4B7B655D9}.Debug|x86.ActiveCfg = Debug|Win32
		{EF7CCF8B-61AB-42EC-BAB6-2BB4B7B655D9}.Debug|x86.Build.0 = Debug|Win32
		{EF7CCF8B-61AB-42EC-BAB6-2BB4B7B655D9}.Release|x64.ActiveCfg = Release|x64
		{EF7CCF8B-61AB-42EC-BAB6-2BB4B7B655D9}.Release|x64.Build.0 = Release|x64
		{EF7CCF8B-61AB-42EC-BAB6-2BB4B7B655D9}.Release|x86.ActiveCfg = Release|Win32
		{EF7CCF8B-61AB-42EC-BAB6-2BB4B7B655D9}.Release|x86.Build.0 = Release|Win32
		{A2BD5303-CD29-4C8A-ADAD-8417B2DDBE29}.Debug|x64.ActiveCfg = Debug|x64
		{A2BD5303-CD29-4C8A-ADAD-8417B2DDBE29}.Debug|x64.Build.0 = Debug|x64
		{A2BD5303-CD29-4C8A-ADAD-8417B2DDBE29}.Debug|x86.ActiveCfg = Debug|Win32
		{A2BD5303-CD29-4C8A-ADAD-8417B2DDBE29}.Debug|x86.Build.0 = Debug|Win32
		{A2BD5303-CD29-4C8A-ADAD-8417B2DDBE29}.Release|x64.ActiveCfg = Release|x64
		{A2BD5303-CD29-4C8A-ADAD-8417B2DDBE29}.Release|x64.Build.0 = Release|x64
		{A2BD5303-CD29-4C8A-ADAD-8417B2DDBE29}.Release|x86.ActiveCfg = Release|Win32
		{A2BD5303-CD29-4C8A-ADAD-8417B2DDBE29}.Release|x86.Build.0 = Release|Win32
		{F876F551-231B-494D-BE96-FCBD259648ED}.Debug|x64.ActiveCfg = Debug|x64
		{F876F551-231B-494D-BE96-FCBD259648ED}.Debug|x64.Build.0 = Debug|x64
		{F876F551-231B-494D-BE96-FCBD259648ED}.Debug|x86.ActiveCfg = Debug|Win32
		{F876F551-231B-494D-BE96-FCBD259648ED}.Debug|x86.Build.0 = Debug|Win32
		{F876F551-231B-494D-BE96-FCBD259648ED}.Release|x64.ActiveCfg = Release|x64
		{F876F551-231B-494D-BE96-FCBD259648ED}.Release|x64.Build.0 = Release|x64
		{F876F551-231B-494D-BE96-FCBD259648ED}.Release|x86.ActiveCfg = Release|Win32
		{F876F551-231B-494D-BE96-FCBD259648ED}.Release|x86.Build.0 = Release|Win32
		{8C5548E1-E7B9-455D-8958-44DC4E6C59AF}.Debug|x64.ActiveCfg = Debug|x64
		{8C5548E1-E7B9-455D-8958-44DC4E6C59AF}.Debug|x64.Build.0 = Debug|x64
		{8C5548E1-E7B9-455D-8958-44DC4E6C59AF}.Debug|x86.ActiveCfg = Debug|Win32
		{8C5548E1-E7B9-455D-8958-44DC4E6C59AF}.Debug|x86.Build.0 = Debug|Win32
		{8C5548E1-E7B9-455D-8958-44DC4E6C59AF}.Release|x64.ActiveCfg = Release|x64
		{8C5548E1-E7B9-455D-8958-44DC4E6C59AF}.Release|x64.Build.0 = Release|x64
		{8C5548E1-E7B9-455D-8958-44DC4E6C59AF}.Release|x86.ActiveCfg = Release|Win32
		{8C5548E1-E7B9-455D-8958-44DC4E6C59AF}.Release|x86.Build.0 = Release|Win32
		{5734E6E5-0356-4C1A-8838-911C4C90771F}.Debug|x64.ActiveCfg = Debug|x64
		{5734E6E5-0356-4C1A-8838-911C4C90771F}.Debug|x64.Build.0 = Debug|x64
		{5734E6E5-0356-4C1A-8838-911C4C90771F}.Debug|x86.ActiveCfg = Debug|Win32
		{5734E6E5-0356-4C1A-8838-911C4C90771F}.Debug|x86.Build.0 = Debug|Win32
		{5734E6E5-0356-4C1A-8838-911C4C90771F}.Release|x64.ActiveCfg = Release|x64
		{5734E6E5-0356-4C1A-8838-911C4C90771F}.Release|x64.Build.0 = Release|x64
		{5734E6E5-0356-4C1A-8838-911C4C90771F}.Release|x86.ActiveCfg = Release|Win32
		{5734E6E5-0356-4C1A-8838-911C4C90771F}.Release|x86.Build.0 = Release|Win32
		{4EB7F952-E1AA-4101-B283-9CFC696DC038}.Debug|x64.ActiveCfg = Debug|x64
		{4EB7F952-E1AA-4101-B283-9CFC696DC038}.Debug|x64.Build.0 = Debug|x64
		{4EB7F952-E1AA-4101-B283-9CFC696DC038}.Debug|x86.ActiveCfg = Debug|Win32
		{4EB7F952-E1AA-4101-B283-9CFC696DC038}.Debug|x86.Build.0 = Debug|Win32
		{4EB7F952-E1AA-4101-B283-9CFC696DC038}.Release|x64.ActiveCfg = Release|x64
		{4EB7F952-E1AA-4101-B283-9CFC696DC038}.Release|x64.Build.0 = Release|x64
		{4EB7F952-E1AA-4101-B283-9CFC696DC038}.Release|x86.ActiveCfg = Release|Win32
		{4EB7F952-E1AA-4101-B283-9CFC696DC038}.Release|x86.Build.0 = Release|Win32
		{F24D2720-C402-48C1-BD70-5D26267D3FDA}.Debug|x64.ActiveCfg = Debug|x64
		{F24D2720-C402-48C1-BD70-5D26267D3FDA}.Debug|x64.Build.0 = Debug|x64
		{F24D2720-C402-48C1-BD70-5D26267D3FDA}.Debug|x86.ActiveCfg = Debug|Win32
		{F24D2720-C402-48C1-BD70-5D26267D3FDA}.Debug|x86.Build.0 = Debug|Win32
		{F24D2720-C402-48C1-BD70-5D26267D3FDA}.Release|x64.ActiveCfg = Release|x64
		{F24D2720-C402-48C1-BD70-5D26267D3FDA}.Release|x64.Build.0 = Release|x64
		{F24D2720-C402-48C1-BD70-5D26267D3FDA}.Release|x86.ActiveCfg = Release|Win32
		{F24D2720-C402-48C1-BD70-5D26267D3FDA}.Release|x86.Build.0 = Release|Win32
		{5C3FCC7B-B1BE-481F-99B8-912A0729645C}.Debug|x64.ActiveCfg = Debug|x64
		{5C3FCC7B-B1BE-481F-99B8-912A0729645C}.Debug|x64.Build.0 = Debug|x64
		{5C3FCC7B-B1BE-481F-99B8-912A0729645C}.Debug|x86.ActiveCfg = Debug|Win32
		{5C3FCC7B-B1BE-481F-99B8-912A0729645C}.Debug|x86.Build.0 = Debug|Win32
		{5C3FCC7B-B1BE-481F-99B8-912A0729645C}.Release|x64.ActiveCfg = Release|x64
		{5C3FCC7B-B1BE-481F-99B8-912A0729645C}.Release|x64.Build.0 = Release|x64
		{5C3FCC7B-B1BE-481F-99B8-912A0729645C}.Release|x86.ActiveCfg = Release|Win32
		{5C3FCC7B-B1BE-481F-99B8-912A0729645C}.Release|x86.Build.0 = Release|Win32
		{299CF5E0-C09D-43BC-A422-1C4E717D88BB}.Debug|x64.ActiveCfg = Debug|x64
		{299CF5E0-C09D-43BC-A422-1C4E717D88BB}.Debug|x64.Build.0 = Debug|x64
		{299CF5E0-C09D-43BC-A422-1C4E717D88BB}.Debug|x86.ActiveCfg = Debug|Win32
		{299CF5E0-C09D-43BC-A422-1C4E717D88BB}.Debug|x86.Build.0 = Debug|Win32
		{299CF5E0-C09D-43BC-A422-1C4E717D88BB}.Release|x64.ActiveCfg = Release|x64
		{299CF5E0-C09D-43BC-A422-1C4E717D88BB}.Release|x64.Build.0 = Release|x64
		{299CF5E0-C09D-43BC-A422-1C4E717D88BB}.Release|x86.ActiveCfg = Release|Win32
		{299CF5E0-C09D-43BC-A422-1C4E717D88BB}.Release|x86.Build.0 = Release|Win32
		{7EF2653D-119C-4BB6-AF05-371B975A5D7D}.Debug|x64.ActiveCfg = Debug|x64
		{7EF2653D-119C-4BB6-AF05-371B975A5D7D}.Debug|x64.Build.0 = Debug|x64
		{7EF2653D-119C-4BB6-AF05-371B975A5D7D}.Debug|x86.ActiveCfg = Debug|Win32
		{7EF2653D-119C-4BB6-AF05-371B975A5D7D}.Debug|x86.Build.0 = Debug|Win32
		{7EF2653D-119C-4BB6-AF05-371B975A5D7D}.Release|x64.ActiveCfg = Release|x64
		{7EF2653D-119C-4BB6-AF05-371B975A5D7D}.Release|x64.Build.0 = Release|x64
		{7EF2653D-119C-4BB6-AF05-371B975A5D7D}.Release|x86.ActiveCfg = Release|Win32
		{7EF2653D-119C-4BB6-AF05-371B975A5D7D}.Release|x86.Build.0 = Release|Win32
		{F8573B84-A451-4E53-BA16-5A5BC84F32AD}.Debug|x64.ActiveCfg = Debug|x64
		{F8573B84-A451-4E53-BA16-5A5BC84F32AD}.Debug|x64.Build.0 = Debug|x64
		{F8573B84-A451-4E53-BA16-5A5BC84F32AD}.Debug|x86.ActiveCfg = Debug|Win32
		{F8573B84-A451-4E53-BA16-5A5BC84F32AD}.Debug|x86.Build.0 = Debug|Win32
		{F8573B84-A451-4E53-BA16-5A5BC84F32AD}.Release|x64.ActiveCfg = Release|x64
		{F8573B84-A451-4E53-BA16-5A5BC84F32AD}.Release|x64.Build.0 = Release|x64
		{F8573B84-A451-4E53-BA16-5A5BC84F32AD}.Release|x86.ActiveCfg = Release|Win32
		{F8573B84-A451-4E53-BA16-5A5BC84F32AD}.Release|x86.Build.0 = Release|Win32
	EndGlobalSection
	GlobalSection(SolutionProperties) = preSolution
		HideSolutionNode = FALSE
	EndGlobalSection
	GlobalSection(NestedProjects) = preSolution
		{2E3700DE-AA12-4D89-B0B1-8B335437AE6C} = {6DBF3CEB-34DB-4A05-B6B4-3F7F8FEB9768}
		{7446369D-6800-4913-8434-CCA331616FC2} = {B2F760BF-DA33-49DF-9D74-D8ACA8FE37EF}
		{E7695E49-45DD-4063-A98F-4C4FE387A720} = {6DBF3CEB-34DB-4A05-B6B4-3F7F8FEB9768}
		{D4651537-5E1E-4EBA-B9E5-33AE4A960549} = {542ADC9D-5DC0-40F5-8140-B119F7170FCF}
		{93143A29-C1D3-4497-B3FA-E868E071D2C7} = {6DBF3CEB-34DB-4A05-B6B4-3F7F8FEB9768}
		{ED3A28BD-BBFE-4695-9C01-F300D9828A1C} = {A17A94A2-FDC4-4A79-8D0C-CA54CE73CAA5}
		{341DCED9-43C9-41AD-96D8-EBF9DC40DADA} = {A17A94A2-FDC4-4A79-8D0C-CA54CE73CAA5}
		{36DFA9E3-9AF3-437F-8A7B-0AE22ABA5767} = {B2F760BF-DA33-49DF-9D74-D8ACA8FE37EF}
		{0BF6EC5A-0366-4150-BB0E-E11C1A441795} = {6DBF3CEB-34DB-4A05-B6B4-3F7F8FEB9768}
		{06E4B9F9-3A06-4790-9E46-7C141B732DE7} = {A17A94A2-FDC4-4A79-8D0C-CA54CE73CAA5}
		{824BFEC8-533E-4E31-BE19-192FA7FE560F} = {A17A94A2-FDC4-4A79-8D0C-CA54CE73CAA5}
		{4855464A-5C7C-4813-983B-8F244E551393} = {B2F760BF-DA33-49DF-9D74-D8ACA8FE37EF}
		{D0912397-E02F-4A55-B6FB-0225B39C0FF9} = {542ADC9D-5DC0-40F5-8140-B119F7170FCF}
		{39A947C9-64E2-4FF9-9051-590FA3DA7C62} = {6DBF3CEB-34DB-4A05-B6B4-3F7F8FEB9768}
		{35AA5EB3-D26E-4252-8DEA-B5F50A5F86D3} = {542ADC9D-5DC0-40F5-8140-B119F7170FCF}
		{343A4FBD-5BB4-4D51-A255-EA2C604BB933} = {542ADC9D-5DC0-40F5-8140-B119F7170FCF}
		{73CA400C-4F39-44FE-B801-78EC5E990205} = {542ADC9D-5DC0-40F5-8140-B119F7170FCF}
		{5798E079-A643-41FD-8927-FA181BD2C41D} = {8E0348B1-159D-4FB1-9CD0-BEC8E8E3DDE5}
		{A21E648A-53C2-4AF3-876C-2F73C2BAF0CB} = {8E0348B1-159D-4FB1-9CD0-BEC8E8E3DDE5}
		{BCCD02BE-1946-44D8-B376-A86D4E1A3402} = {8E0348B1-159D-4FB1-9CD0-BEC8E8E3DDE5}
		{99980742-8B74-4546-B88D-8102917EF0F7} = {8E0348B1-159D-4FB1-9CD0-BEC8E8E3DDE5}
		{C8AADB52-B8F7-4878-9366-15C0FABBB03D} = {8E0348B1-159D-4FB1-9CD0-BEC8E8E3DDE5}
		{EF7CCF8B-61AB-42EC-BAB6-2BB4B7B655D9} = {B63A8D43-B74C-418C-8405-D9778E990703}
		{A2BD5303-CD29-4C8A-ADAD-8417B2DDBE29} = {B63A8D43-B74C-418C-8405-D9778E990703}
		{F876F551-231B-494D-BE96-FCBD259648ED} = {08157EBF-2AD0-446A-A16D-6B125A52817D}
		{8C5548E1-E7B9-455D-8958-44DC4E6C59AF} = {08157EBF-2AD0-446A-A16D-6B125A52817D}
		{5734E6E5-0356-4C1A-8838-911C4C90771F} = {08157EBF-2AD0-446A-A16D-6B125A52817D}
		{4EB7F952-E1AA-4101-B283-9CFC696DC038} = {08157EBF-2AD0-446A-A16D-6B125A52817D}
		{B63A8D43-B74C-418C-8405-D9778E990703} = {8E0348B1-159D-4FB1-9CD0-BEC8E8E3DDE5}
		{F24D2720-C402-48C1-BD70-5D26267D3FDA} = {08157EBF-2AD0-446A-A16D-6B125A52817D}
		{5C3FCC7B-B1BE-481F-99B8-912A0729645C} = {08157EBF-2AD0-446A-A16D-6B125A52817D}
		{299CF5E0-C09D-43BC-A422-1C4E717D88BB} = {08157EBF-2AD0-446A-A16D-6B125A52817D}
		{7EF2653D-119C-4BB6-AF05-371B975A5D7D} = {6872E063-7E94-4305-A2EA-91DD5B7A3325}
		{F8573B84-A451-4E53-BA16-5A5BC84F32AD} = {6872E063-7E94-4305-A2EA-91DD5B7A3325}
	EndGlobalSection
	GlobalSection(ExtensibilityGlobals) = postSolution
		SolutionGuid = {34E5A315-0826-403B-B284-B0BC556461F9}
	EndGlobalSection
EndGlobal
